// !$*UTF8*$!
{
	archiveVersion = 1;
	classes = {
	};
	objectVersion = 55;
	objects = {

/* Begin PBXBuildFile section */
		8F25E7D1279289D7005070D6 /* UICreateAccountCredentialsVC.swift in Sources */ = {isa = PBXBuildFile; fileRef = 8F25E7D0279289D7005070D6 /* UICreateAccountCredentialsVC.swift */; };
		8F25E7D32792B103005070D6 /* UICreateAccountDetailsVC.swift in Sources */ = {isa = PBXBuildFile; fileRef = 8F25E7D22792B102005070D6 /* UICreateAccountDetailsVC.swift */; };
		8F25E7D62792CB1C005070D6 /* APIBackendConfig.swift in Sources */ = {isa = PBXBuildFile; fileRef = 8F25E7D52792CB1C005070D6 /* APIBackendConfig.swift */; };
		8F25E7D92792D280005070D6 /* Alamofire in Frameworks */ = {isa = PBXBuildFile; productRef = 8F25E7D82792D280005070D6 /* Alamofire */; };
		8F25E7DC2792D51B005070D6 /* AccountSendAuthCodeDto.swift in Sources */ = {isa = PBXBuildFile; fileRef = 8F25E7DB2792D51B005070D6 /* AccountSendAuthCodeDto.swift */; };
		8F25E7DF2792D5C9005070D6 /* HttpMetaData.swift in Sources */ = {isa = PBXBuildFile; fileRef = 8F25E7DE2792D5C9005070D6 /* HttpMetaData.swift */; };
		8F25E7E12792E017005070D6 /* AccountVerifyAuthCodeDto.swift in Sources */ = {isa = PBXBuildFile; fileRef = 8F25E7E02792E017005070D6 /* AccountVerifyAuthCodeDto.swift */; };
		8F25E7E32792E39F005070D6 /* CreateAccountDto.swift in Sources */ = {isa = PBXBuildFile; fileRef = 8F25E7E22792E39F005070D6 /* CreateAccountDto.swift */; };
		8FF00FF527901B8D0087913B /* AppDelegate.swift in Sources */ = {isa = PBXBuildFile; fileRef = 8FF00FF427901B8D0087913B /* AppDelegate.swift */; };
		8FF00FF727901B8D0087913B /* SceneDelegate.swift in Sources */ = {isa = PBXBuildFile; fileRef = 8FF00FF627901B8D0087913B /* SceneDelegate.swift */; };
		8FF00FFC27901B8D0087913B /* Main.storyboard in Resources */ = {isa = PBXBuildFile; fileRef = 8FF00FFA27901B8D0087913B /* Main.storyboard */; };
		8FF00FFE27901B8E0087913B /* Assets.xcassets in Resources */ = {isa = PBXBuildFile; fileRef = 8FF00FFD27901B8E0087913B /* Assets.xcassets */; };
		8FF0100127901B8E0087913B /* LaunchScreen.storyboard in Resources */ = {isa = PBXBuildFile; fileRef = 8FF00FFF27901B8E0087913B /* LaunchScreen.storyboard */; };
		8FF0100C27901B8E0087913B /* pet_managementTests.swift in Sources */ = {isa = PBXBuildFile; fileRef = 8FF0100B27901B8E0087913B /* pet_managementTests.swift */; };
		8FF0101627901B8E0087913B /* pet_managementUITests.swift in Sources */ = {isa = PBXBuildFile; fileRef = 8FF0101527901B8E0087913B /* pet_managementUITests.swift */; };
		8FF0101827901B8E0087913B /* pet_managementUITestsLaunchTests.swift in Sources */ = {isa = PBXBuildFile; fileRef = 8FF0101727901B8E0087913B /* pet_managementUITestsLaunchTests.swift */; };
		8FF01026279036C40087913B /* SplashImage.png in Resources */ = {isa = PBXBuildFile; fileRef = 8FF01025279036C40087913B /* SplashImage.png */; };
		8FFCCF3D2791349600911F3C /* MarkerTrain.png in Resources */ = {isa = PBXBuildFile; fileRef = 8FFCCF2E2791349600911F3C /* MarkerTrain.png */; };
		8FFCCF3E2791349600911F3C /* MarkerCafe.png in Resources */ = {isa = PBXBuildFile; fileRef = 8FFCCF2F2791349600911F3C /* MarkerCafe.png */; };
		8FFCCF3F2791349600911F3C /* AppIcon.png in Resources */ = {isa = PBXBuildFile; fileRef = 8FFCCF302791349600911F3C /* AppIcon.png */; };
		8FFCCF402791349600911F3C /* MarkerStore.png in Resources */ = {isa = PBXBuildFile; fileRef = 8FFCCF312791349600911F3C /* MarkerStore.png */; };
		8FFCCF412791349600911F3C /* AppIconWithoutBackground.png in Resources */ = {isa = PBXBuildFile; fileRef = 8FFCCF322791349600911F3C /* AppIconWithoutBackground.png */; };
		8FFCCF422791349600911F3C /* MarkerCurrentLocation.png in Resources */ = {isa = PBXBuildFile; fileRef = 8FFCCF332791349600911F3C /* MarkerCurrentLocation.png */; };
		8FFCCF432791349600911F3C /* Img.png in Resources */ = {isa = PBXBuildFile; fileRef = 8FFCCF342791349600911F3C /* Img.png */; };
		8FFCCF442791349600911F3C /* MarkerPet.png in Resources */ = {isa = PBXBuildFile; fileRef = 8FFCCF352791349600911F3C /* MarkerPet.png */; };
		8FFCCF452791349600911F3C /* MarkerCar.png in Resources */ = {isa = PBXBuildFile; fileRef = 8FFCCF362791349600911F3C /* MarkerCar.png */; };
		8FFCCF462791349600911F3C /* AppIconWithoutBackgroundForSplash.png in Resources */ = {isa = PBXBuildFile; fileRef = 8FFCCF372791349600911F3C /* AppIconWithoutBackgroundForSplash.png */; };
		8FFCCF472791349600911F3C /* MarkerHospital.png in Resources */ = {isa = PBXBuildFile; fileRef = 8FFCCF382791349600911F3C /* MarkerHospital.png */; };
		8FFCCF482791349600911F3C /* MarkerDefault.png in Resources */ = {isa = PBXBuildFile; fileRef = 8FFCCF392791349600911F3C /* MarkerDefault.png */; };
		8FFCCF492791349600911F3C /* Crown.png in Resources */ = {isa = PBXBuildFile; fileRef = 8FFCCF3A2791349600911F3C /* Crown.png */; };
		8FFCCF4A2791349600911F3C /* MarkerSchool.png in Resources */ = {isa = PBXBuildFile; fileRef = 8FFCCF3B2791349600911F3C /* MarkerSchool.png */; };
		8FFCCF4B2791349600911F3C /* PostDefaultImage.png in Resources */ = {isa = PBXBuildFile; fileRef = 8FFCCF3C2791349600911F3C /* PostDefaultImage.png */; };
		8FFCCF5127913CFD00911F3C /* sunflower_light.ttf in Resources */ = {isa = PBXBuildFile; fileRef = 8FFCCF4C27913CFD00911F3C /* sunflower_light.ttf */; };
		8FFCCF5227913CFD00911F3C /* sunflower_medium.ttf in Resources */ = {isa = PBXBuildFile; fileRef = 8FFCCF4D27913CFD00911F3C /* sunflower_medium.ttf */; };
		8FFCCF5327913CFD00911F3C /* noto_sans_kr_light.otf in Resources */ = {isa = PBXBuildFile; fileRef = 8FFCCF4E27913CFD00911F3C /* noto_sans_kr_light.otf */; };
		8FFCCF5427913CFD00911F3C /* noto_sans_kr_thin.otf in Resources */ = {isa = PBXBuildFile; fileRef = 8FFCCF4F27913CFD00911F3C /* noto_sans_kr_thin.otf */; };
		8FFCCF5527913CFD00911F3C /* sunflower_bold.ttf in Resources */ = {isa = PBXBuildFile; fileRef = 8FFCCF5027913CFD00911F3C /* sunflower_bold.ttf */; };
		8FFCCF5D27915D7A00911F3C /* UILoginVC.swift in Sources */ = {isa = PBXBuildFile; fileRef = 8FFCCF5C27915D7A00911F3C /* UILoginVC.swift */; };
		8FFCCF612791739800911F3C /* UICreateAccountTermsVC.swift in Sources */ = {isa = PBXBuildFile; fileRef = 8FFCCF602791739800911F3C /* UICreateAccountTermsVC.swift */; };
/* End PBXBuildFile section */

/* Begin PBXContainerItemProxy section */
		8FF0100827901B8E0087913B /* PBXContainerItemProxy */ = {
			isa = PBXContainerItemProxy;
			containerPortal = 8FF00FE927901B8D0087913B /* Project object */;
			proxyType = 1;
			remoteGlobalIDString = 8FF00FF027901B8D0087913B;
			remoteInfo = pet_management;
		};
		8FF0101227901B8E0087913B /* PBXContainerItemProxy */ = {
			isa = PBXContainerItemProxy;
			containerPortal = 8FF00FE927901B8D0087913B /* Project object */;
			proxyType = 1;
			remoteGlobalIDString = 8FF00FF027901B8D0087913B;
			remoteInfo = pet_management;
		};
/* End PBXContainerItemProxy section */

/* Begin PBXFileReference section */
		8F25E7D0279289D7005070D6 /* UICreateAccountCredentialsVC.swift */ = {isa = PBXFileReference; lastKnownFileType = sourcecode.swift; path = UICreateAccountCredentialsVC.swift; sourceTree = "<group>"; };
		8F25E7D22792B102005070D6 /* UICreateAccountDetailsVC.swift */ = {isa = PBXFileReference; lastKnownFileType = sourcecode.swift; path = UICreateAccountDetailsVC.swift; sourceTree = "<group>"; };
		8F25E7D52792CB1C005070D6 /* APIBackendConfig.swift */ = {isa = PBXFileReference; lastKnownFileType = sourcecode.swift; path = APIBackendConfig.swift; sourceTree = "<group>"; };
		8F25E7DB2792D51B005070D6 /* AccountSendAuthCodeDto.swift */ = {isa = PBXFileReference; lastKnownFileType = sourcecode.swift; path = AccountSendAuthCodeDto.swift; sourceTree = "<group>"; };
		8F25E7DE2792D5C9005070D6 /* HttpMetaData.swift */ = {isa = PBXFileReference; lastKnownFileType = sourcecode.swift; path = HttpMetaData.swift; sourceTree = "<group>"; };
		8F25E7E02792E017005070D6 /* AccountVerifyAuthCodeDto.swift */ = {isa = PBXFileReference; lastKnownFileType = sourcecode.swift; path = AccountVerifyAuthCodeDto.swift; sourceTree = "<group>"; };
		8F25E7E22792E39F005070D6 /* CreateAccountDto.swift */ = {isa = PBXFileReference; lastKnownFileType = sourcecode.swift; path = CreateAccountDto.swift; sourceTree = "<group>"; };
		8FF00FF127901B8D0087913B /* pet_management.app */ = {isa = PBXFileReference; explicitFileType = wrapper.application; includeInIndex = 0; path = pet_management.app; sourceTree = BUILT_PRODUCTS_DIR; };
		8FF00FF427901B8D0087913B /* AppDelegate.swift */ = {isa = PBXFileReference; lastKnownFileType = sourcecode.swift; path = AppDelegate.swift; sourceTree = "<group>"; };
		8FF00FF627901B8D0087913B /* SceneDelegate.swift */ = {isa = PBXFileReference; lastKnownFileType = sourcecode.swift; path = SceneDelegate.swift; sourceTree = "<group>"; };
		8FF00FFB27901B8D0087913B /* Base */ = {isa = PBXFileReference; lastKnownFileType = file.storyboard; name = Base; path = Base.lproj/Main.storyboard; sourceTree = "<group>"; };
		8FF00FFD27901B8E0087913B /* Assets.xcassets */ = {isa = PBXFileReference; lastKnownFileType = folder.assetcatalog; path = Assets.xcassets; sourceTree = "<group>"; };
		8FF0100027901B8E0087913B /* Base */ = {isa = PBXFileReference; lastKnownFileType = file.storyboard; name = Base; path = Base.lproj/LaunchScreen.storyboard; sourceTree = "<group>"; };
		8FF0100227901B8E0087913B /* Info.plist */ = {isa = PBXFileReference; lastKnownFileType = text.plist.xml; path = Info.plist; sourceTree = "<group>"; };
		8FF0100727901B8E0087913B /* pet_managementTests.xctest */ = {isa = PBXFileReference; explicitFileType = wrapper.cfbundle; includeInIndex = 0; path = pet_managementTests.xctest; sourceTree = BUILT_PRODUCTS_DIR; };
		8FF0100B27901B8E0087913B /* pet_managementTests.swift */ = {isa = PBXFileReference; lastKnownFileType = sourcecode.swift; path = pet_managementTests.swift; sourceTree = "<group>"; };
		8FF0101127901B8E0087913B /* pet_managementUITests.xctest */ = {isa = PBXFileReference; explicitFileType = wrapper.cfbundle; includeInIndex = 0; path = pet_managementUITests.xctest; sourceTree = BUILT_PRODUCTS_DIR; };
		8FF0101527901B8E0087913B /* pet_managementUITests.swift */ = {isa = PBXFileReference; lastKnownFileType = sourcecode.swift; path = pet_managementUITests.swift; sourceTree = "<group>"; };
		8FF0101727901B8E0087913B /* pet_managementUITestsLaunchTests.swift */ = {isa = PBXFileReference; lastKnownFileType = sourcecode.swift; path = pet_managementUITestsLaunchTests.swift; sourceTree = "<group>"; };
		8FF01025279036C40087913B /* SplashImage.png */ = {isa = PBXFileReference; lastKnownFileType = image.png; path = SplashImage.png; sourceTree = "<group>"; };
		8FFCCF2E2791349600911F3C /* MarkerTrain.png */ = {isa = PBXFileReference; lastKnownFileType = image.png; path = MarkerTrain.png; sourceTree = "<group>"; };
		8FFCCF2F2791349600911F3C /* MarkerCafe.png */ = {isa = PBXFileReference; lastKnownFileType = image.png; path = MarkerCafe.png; sourceTree = "<group>"; };
		8FFCCF302791349600911F3C /* AppIcon.png */ = {isa = PBXFileReference; lastKnownFileType = image.png; path = AppIcon.png; sourceTree = "<group>"; };
		8FFCCF312791349600911F3C /* MarkerStore.png */ = {isa = PBXFileReference; lastKnownFileType = image.png; path = MarkerStore.png; sourceTree = "<group>"; };
		8FFCCF322791349600911F3C /* AppIconWithoutBackground.png */ = {isa = PBXFileReference; lastKnownFileType = image.png; path = AppIconWithoutBackground.png; sourceTree = "<group>"; };
		8FFCCF332791349600911F3C /* MarkerCurrentLocation.png */ = {isa = PBXFileReference; lastKnownFileType = image.png; path = MarkerCurrentLocation.png; sourceTree = "<group>"; };
		8FFCCF342791349600911F3C /* Img.png */ = {isa = PBXFileReference; lastKnownFileType = image.png; path = Img.png; sourceTree = "<group>"; };
		8FFCCF352791349600911F3C /* MarkerPet.png */ = {isa = PBXFileReference; lastKnownFileType = image.png; path = MarkerPet.png; sourceTree = "<group>"; };
		8FFCCF362791349600911F3C /* MarkerCar.png */ = {isa = PBXFileReference; lastKnownFileType = image.png; path = MarkerCar.png; sourceTree = "<group>"; };
		8FFCCF372791349600911F3C /* AppIconWithoutBackgroundForSplash.png */ = {isa = PBXFileReference; lastKnownFileType = image.png; path = AppIconWithoutBackgroundForSplash.png; sourceTree = "<group>"; };
		8FFCCF382791349600911F3C /* MarkerHospital.png */ = {isa = PBXFileReference; lastKnownFileType = image.png; path = MarkerHospital.png; sourceTree = "<group>"; };
		8FFCCF392791349600911F3C /* MarkerDefault.png */ = {isa = PBXFileReference; lastKnownFileType = image.png; path = MarkerDefault.png; sourceTree = "<group>"; };
		8FFCCF3A2791349600911F3C /* Crown.png */ = {isa = PBXFileReference; lastKnownFileType = image.png; path = Crown.png; sourceTree = "<group>"; };
		8FFCCF3B2791349600911F3C /* MarkerSchool.png */ = {isa = PBXFileReference; lastKnownFileType = image.png; path = MarkerSchool.png; sourceTree = "<group>"; };
		8FFCCF3C2791349600911F3C /* PostDefaultImage.png */ = {isa = PBXFileReference; lastKnownFileType = image.png; path = PostDefaultImage.png; sourceTree = "<group>"; };
		8FFCCF4C27913CFD00911F3C /* sunflower_light.ttf */ = {isa = PBXFileReference; lastKnownFileType = file; name = sunflower_light.ttf; path = font/sunflower_light.ttf; sourceTree = "<group>"; };
		8FFCCF4D27913CFD00911F3C /* sunflower_medium.ttf */ = {isa = PBXFileReference; lastKnownFileType = file; name = sunflower_medium.ttf; path = font/sunflower_medium.ttf; sourceTree = "<group>"; };
		8FFCCF4E27913CFD00911F3C /* noto_sans_kr_light.otf */ = {isa = PBXFileReference; lastKnownFileType = file; name = noto_sans_kr_light.otf; path = font/noto_sans_kr_light.otf; sourceTree = "<group>"; };
		8FFCCF4F27913CFD00911F3C /* noto_sans_kr_thin.otf */ = {isa = PBXFileReference; lastKnownFileType = file; name = noto_sans_kr_thin.otf; path = font/noto_sans_kr_thin.otf; sourceTree = "<group>"; };
		8FFCCF5027913CFD00911F3C /* sunflower_bold.ttf */ = {isa = PBXFileReference; lastKnownFileType = file; name = sunflower_bold.ttf; path = font/sunflower_bold.ttf; sourceTree = "<group>"; };
		8FFCCF5C27915D7A00911F3C /* UILoginVC.swift */ = {isa = PBXFileReference; lastKnownFileType = sourcecode.swift; path = UILoginVC.swift; sourceTree = "<group>"; };
		8FFCCF602791739800911F3C /* UICreateAccountTermsVC.swift */ = {isa = PBXFileReference; lastKnownFileType = sourcecode.swift; path = UICreateAccountTermsVC.swift; sourceTree = "<group>"; };
/* End PBXFileReference section */

/* Begin PBXFrameworksBuildPhase section */
		8FF00FEE27901B8D0087913B /* Frameworks */ = {
			isa = PBXFrameworksBuildPhase;
			buildActionMask = 2147483647;
			files = (
				8F25E7D92792D280005070D6 /* Alamofire in Frameworks */,
			);
			runOnlyForDeploymentPostprocessing = 0;
		};
		8FF0100427901B8E0087913B /* Frameworks */ = {
			isa = PBXFrameworksBuildPhase;
			buildActionMask = 2147483647;
			files = (
			);
			runOnlyForDeploymentPostprocessing = 0;
		};
		8FF0100E27901B8E0087913B /* Frameworks */ = {
			isa = PBXFrameworksBuildPhase;
			buildActionMask = 2147483647;
			files = (
			);
			runOnlyForDeploymentPostprocessing = 0;
		};
/* End PBXFrameworksBuildPhase section */

/* Begin PBXGroup section */
		8F25E7D42792CAD6005070D6 /* restapi */ = {
			isa = PBXGroup;
			children = (
				8F25E7DA2792D4FD005070D6 /* dto */,
				8F25E7D52792CB1C005070D6 /* APIBackendConfig.swift */,
			);
			path = restapi;
			sourceTree = "<group>";
		};
		8F25E7DA2792D4FD005070D6 /* dto */ = {
			isa = PBXGroup;
			children = (
				8F25E7DD2792D5BD005070D6 /* common */,
				8F25E7DB2792D51B005070D6 /* AccountSendAuthCodeDto.swift */,
				8F25E7E02792E017005070D6 /* AccountVerifyAuthCodeDto.swift */,
				8F25E7E22792E39F005070D6 /* CreateAccountDto.swift */,
			);
			path = dto;
			sourceTree = "<group>";
		};
		8F25E7DD2792D5BD005070D6 /* common */ = {
			isa = PBXGroup;
			children = (
				8F25E7DE2792D5C9005070D6 /* HttpMetaData.swift */,
			);
			path = common;
			sourceTree = "<group>";
		};
		8FF00FE827901B8D0087913B = {
			isa = PBXGroup;
			children = (
				8FF00FF327901B8D0087913B /* pet_management */,
				8FF0100A27901B8E0087913B /* pet_managementTests */,
				8FF0101427901B8E0087913B /* pet_managementUITests */,
				8FF00FF227901B8D0087913B /* Products */,
			);
			sourceTree = "<group>";
		};
		8FF00FF227901B8D0087913B /* Products */ = {
			isa = PBXGroup;
			children = (
				8FF00FF127901B8D0087913B /* pet_management.app */,
				8FF0100727901B8E0087913B /* pet_managementTests.xctest */,
				8FF0101127901B8E0087913B /* pet_managementUITests.xctest */,
			);
			name = Products;
			sourceTree = "<group>";
		};
		8FF00FF327901B8D0087913B /* pet_management */ = {
			isa = PBXGroup;
			children = (
				8FFCCF5627915AFB00911F3C /* src */,
				8FF01024279035D70087913B /* resource */,
				8FF00FFA27901B8D0087913B /* Main.storyboard */,
				8FF00FFD27901B8E0087913B /* Assets.xcassets */,
				8FF00FFF27901B8E0087913B /* LaunchScreen.storyboard */,
				8FF0100227901B8E0087913B /* Info.plist */,
			);
			path = pet_management;
			sourceTree = "<group>";
		};
		8FF0100A27901B8E0087913B /* pet_managementTests */ = {
			isa = PBXGroup;
			children = (
				8FF0100B27901B8E0087913B /* pet_managementTests.swift */,
			);
			path = pet_managementTests;
			sourceTree = "<group>";
		};
		8FF0101427901B8E0087913B /* pet_managementUITests */ = {
			isa = PBXGroup;
			children = (
				8FF0101527901B8E0087913B /* pet_managementUITests.swift */,
				8FF0101727901B8E0087913B /* pet_managementUITestsLaunchTests.swift */,
			);
			path = pet_managementUITests;
			sourceTree = "<group>";
		};
		8FF01024279035D70087913B /* resource */ = {
			isa = PBXGroup;
			children = (
				8FFCCF4E27913CFD00911F3C /* noto_sans_kr_light.otf */,
				8FFCCF4F27913CFD00911F3C /* noto_sans_kr_thin.otf */,
				8FFCCF5027913CFD00911F3C /* sunflower_bold.ttf */,
				8FFCCF4C27913CFD00911F3C /* sunflower_light.ttf */,
				8FFCCF4D27913CFD00911F3C /* sunflower_medium.ttf */,
				8FFCCF302791349600911F3C /* AppIcon.png */,
				8FFCCF322791349600911F3C /* AppIconWithoutBackground.png */,
				8FFCCF372791349600911F3C /* AppIconWithoutBackgroundForSplash.png */,
				8FFCCF3A2791349600911F3C /* Crown.png */,
				8FFCCF342791349600911F3C /* Img.png */,
				8FFCCF2F2791349600911F3C /* MarkerCafe.png */,
				8FFCCF362791349600911F3C /* MarkerCar.png */,
				8FFCCF332791349600911F3C /* MarkerCurrentLocation.png */,
				8FFCCF392791349600911F3C /* MarkerDefault.png */,
				8FFCCF382791349600911F3C /* MarkerHospital.png */,
				8FFCCF352791349600911F3C /* MarkerPet.png */,
				8FFCCF3B2791349600911F3C /* MarkerSchool.png */,
				8FFCCF312791349600911F3C /* MarkerStore.png */,
				8FFCCF2E2791349600911F3C /* MarkerTrain.png */,
				8FFCCF3C2791349600911F3C /* PostDefaultImage.png */,
				8FF01025279036C40087913B /* SplashImage.png */,
			);
			path = resource;
			sourceTree = "<group>";
		};
		8FFCCF5627915AFB00911F3C /* src */ = {
			isa = PBXGroup;
			children = (
				8F25E7D42792CAD6005070D6 /* restapi */,
				8FFCCF5727915B2800911F3C /* ui */,
				8FF00FF427901B8D0087913B /* AppDelegate.swift */,
				8FF00FF627901B8D0087913B /* SceneDelegate.swift */,
			);
			path = src;
			sourceTree = "<group>";
		};
		8FFCCF5727915B2800911F3C /* ui */ = {
			isa = PBXGroup;
			children = (
				8FFCCF5827915B5700911F3C /* login */,
			);
			path = ui;
			sourceTree = "<group>";
		};
		8FFCCF5827915B5700911F3C /* login */ = {
			isa = PBXGroup;
			children = (
				8FFCCF5927915B6200911F3C /* createAccount */,
				8FFCCF5C27915D7A00911F3C /* UILoginVC.swift */,
			);
			path = login;
			sourceTree = "<group>";
		};
		8FFCCF5927915B6200911F3C /* createAccount */ = {
			isa = PBXGroup;
			children = (
				8FFCCF602791739800911F3C /* UICreateAccountTermsVC.swift */,
				8F25E7D0279289D7005070D6 /* UICreateAccountCredentialsVC.swift */,
				8F25E7D22792B102005070D6 /* UICreateAccountDetailsVC.swift */,
			);
			path = createAccount;
			sourceTree = "<group>";
		};
/* End PBXGroup section */

/* Begin PBXNativeTarget section */
		8FF00FF027901B8D0087913B /* pet_management */ = {
			isa = PBXNativeTarget;
			buildConfigurationList = 8FF0101B27901B8E0087913B /* Build configuration list for PBXNativeTarget "pet_management" */;
			buildPhases = (
				8FF00FED27901B8D0087913B /* Sources */,
				8FF00FEE27901B8D0087913B /* Frameworks */,
				8FF00FEF27901B8D0087913B /* Resources */,
			);
			buildRules = (
			);
			dependencies = (
			);
			name = pet_management;
			packageProductDependencies = (
				8F25E7D82792D280005070D6 /* Alamofire */,
			);
			productName = pet_management;
			productReference = 8FF00FF127901B8D0087913B /* pet_management.app */;
			productType = "com.apple.product-type.application";
		};
		8FF0100627901B8E0087913B /* pet_managementTests */ = {
			isa = PBXNativeTarget;
			buildConfigurationList = 8FF0101E27901B8E0087913B /* Build configuration list for PBXNativeTarget "pet_managementTests" */;
			buildPhases = (
				8FF0100327901B8E0087913B /* Sources */,
				8FF0100427901B8E0087913B /* Frameworks */,
				8FF0100527901B8E0087913B /* Resources */,
			);
			buildRules = (
			);
			dependencies = (
				8FF0100927901B8E0087913B /* PBXTargetDependency */,
			);
			name = pet_managementTests;
			productName = pet_managementTests;
			productReference = 8FF0100727901B8E0087913B /* pet_managementTests.xctest */;
			productType = "com.apple.product-type.bundle.unit-test";
		};
		8FF0101027901B8E0087913B /* pet_managementUITests */ = {
			isa = PBXNativeTarget;
			buildConfigurationList = 8FF0102127901B8E0087913B /* Build configuration list for PBXNativeTarget "pet_managementUITests" */;
			buildPhases = (
				8FF0100D27901B8E0087913B /* Sources */,
				8FF0100E27901B8E0087913B /* Frameworks */,
				8FF0100F27901B8E0087913B /* Resources */,
			);
			buildRules = (
			);
			dependencies = (
				8FF0101327901B8E0087913B /* PBXTargetDependency */,
			);
			name = pet_managementUITests;
			productName = pet_managementUITests;
			productReference = 8FF0101127901B8E0087913B /* pet_managementUITests.xctest */;
			productType = "com.apple.product-type.bundle.ui-testing";
		};
/* End PBXNativeTarget section */

/* Begin PBXProject section */
		8FF00FE927901B8D0087913B /* Project object */ = {
			isa = PBXProject;
			attributes = {
				BuildIndependentTargetsInParallel = 1;
				LastSwiftUpdateCheck = 1320;
				LastUpgradeCheck = 1320;
				TargetAttributes = {
					8FF00FF027901B8D0087913B = {
						CreatedOnToolsVersion = 13.2.1;
					};
					8FF0100627901B8E0087913B = {
						CreatedOnToolsVersion = 13.2.1;
						TestTargetID = 8FF00FF027901B8D0087913B;
					};
					8FF0101027901B8E0087913B = {
						CreatedOnToolsVersion = 13.2.1;
						TestTargetID = 8FF00FF027901B8D0087913B;
					};
				};
			};
			buildConfigurationList = 8FF00FEC27901B8D0087913B /* Build configuration list for PBXProject "pet_management" */;
			compatibilityVersion = "Xcode 13.0";
			developmentRegion = en;
			hasScannedForEncodings = 0;
			knownRegions = (
				en,
				Base,
			);
			mainGroup = 8FF00FE827901B8D0087913B;
			packageReferences = (
				8F25E7D72792D280005070D6 /* XCRemoteSwiftPackageReference "Alamofire" */,
			);
			productRefGroup = 8FF00FF227901B8D0087913B /* Products */;
			projectDirPath = "";
			projectRoot = "";
			targets = (
				8FF00FF027901B8D0087913B /* pet_management */,
				8FF0100627901B8E0087913B /* pet_managementTests */,
				8FF0101027901B8E0087913B /* pet_managementUITests */,
			);
		};
/* End PBXProject section */

/* Begin PBXResourcesBuildPhase section */
		8FF00FEF27901B8D0087913B /* Resources */ = {
			isa = PBXResourcesBuildPhase;
			buildActionMask = 2147483647;
			files = (
				8FFCCF412791349600911F3C /* AppIconWithoutBackground.png in Resources */,
				8FF01026279036C40087913B /* SplashImage.png in Resources */,
				8FFCCF402791349600911F3C /* MarkerStore.png in Resources */,
				8FFCCF5527913CFD00911F3C /* sunflower_bold.ttf in Resources */,
				8FF0100127901B8E0087913B /* LaunchScreen.storyboard in Resources */,
				8FF00FFE27901B8E0087913B /* Assets.xcassets in Resources */,
				8FFCCF472791349600911F3C /* MarkerHospital.png in Resources */,
				8FFCCF452791349600911F3C /* MarkerCar.png in Resources */,
				8FFCCF4B2791349600911F3C /* PostDefaultImage.png in Resources */,
				8FFCCF5327913CFD00911F3C /* noto_sans_kr_light.otf in Resources */,
				8FFCCF462791349600911F3C /* AppIconWithoutBackgroundForSplash.png in Resources */,
				8FFCCF5227913CFD00911F3C /* sunflower_medium.ttf in Resources */,
				8FFCCF5427913CFD00911F3C /* noto_sans_kr_thin.otf in Resources */,
				8FF00FFC27901B8D0087913B /* Main.storyboard in Resources */,
				8FFCCF3E2791349600911F3C /* MarkerCafe.png in Resources */,
				8FFCCF3D2791349600911F3C /* MarkerTrain.png in Resources */,
				8FFCCF492791349600911F3C /* Crown.png in Resources */,
				8FFCCF482791349600911F3C /* MarkerDefault.png in Resources */,
				8FFCCF4A2791349600911F3C /* MarkerSchool.png in Resources */,
				8FFCCF5127913CFD00911F3C /* sunflower_light.ttf in Resources */,
				8FFCCF422791349600911F3C /* MarkerCurrentLocation.png in Resources */,
				8FFCCF432791349600911F3C /* Img.png in Resources */,
				8FFCCF3F2791349600911F3C /* AppIcon.png in Resources */,
				8FFCCF442791349600911F3C /* MarkerPet.png in Resources */,
			);
			runOnlyForDeploymentPostprocessing = 0;
		};
		8FF0100527901B8E0087913B /* Resources */ = {
			isa = PBXResourcesBuildPhase;
			buildActionMask = 2147483647;
			files = (
			);
			runOnlyForDeploymentPostprocessing = 0;
		};
		8FF0100F27901B8E0087913B /* Resources */ = {
			isa = PBXResourcesBuildPhase;
			buildActionMask = 2147483647;
			files = (
			);
			runOnlyForDeploymentPostprocessing = 0;
		};
/* End PBXResourcesBuildPhase section */

/* Begin PBXSourcesBuildPhase section */
		8FF00FED27901B8D0087913B /* Sources */ = {
			isa = PBXSourcesBuildPhase;
			buildActionMask = 2147483647;
			files = (
				8F25E7D62792CB1C005070D6 /* APIBackendConfig.swift in Sources */,
				8F25E7D1279289D7005070D6 /* UICreateAccountCredentialsVC.swift in Sources */,
				8F25E7DC2792D51B005070D6 /* AccountSendAuthCodeDto.swift in Sources */,
				8F25E7D32792B103005070D6 /* UICreateAccountDetailsVC.swift in Sources */,
				8FFCCF612791739800911F3C /* UICreateAccountTermsVC.swift in Sources */,
				8FFCCF5D27915D7A00911F3C /* UILoginVC.swift in Sources */,
				8FF00FF527901B8D0087913B /* AppDelegate.swift in Sources */,
				8F25E7E12792E017005070D6 /* AccountVerifyAuthCodeDto.swift in Sources */,
				8F25E7E32792E39F005070D6 /* CreateAccountDto.swift in Sources */,
				8F25E7DF2792D5C9005070D6 /* HttpMetaData.swift in Sources */,
				8FF00FF727901B8D0087913B /* SceneDelegate.swift in Sources */,
			);
			runOnlyForDeploymentPostprocessing = 0;
		};
		8FF0100327901B8E0087913B /* Sources */ = {
			isa = PBXSourcesBuildPhase;
			buildActionMask = 2147483647;
			files = (
				8FF0100C27901B8E0087913B /* pet_managementTests.swift in Sources */,
			);
			runOnlyForDeploymentPostprocessing = 0;
		};
		8FF0100D27901B8E0087913B /* Sources */ = {
			isa = PBXSourcesBuildPhase;
			buildActionMask = 2147483647;
			files = (
				8FF0101627901B8E0087913B /* pet_managementUITests.swift in Sources */,
				8FF0101827901B8E0087913B /* pet_managementUITestsLaunchTests.swift in Sources */,
			);
			runOnlyForDeploymentPostprocessing = 0;
		};
/* End PBXSourcesBuildPhase section */

/* Begin PBXTargetDependency section */
		8FF0100927901B8E0087913B /* PBXTargetDependency */ = {
			isa = PBXTargetDependency;
			target = 8FF00FF027901B8D0087913B /* pet_management */;
			targetProxy = 8FF0100827901B8E0087913B /* PBXContainerItemProxy */;
		};
		8FF0101327901B8E0087913B /* PBXTargetDependency */ = {
			isa = PBXTargetDependency;
			target = 8FF00FF027901B8D0087913B /* pet_management */;
			targetProxy = 8FF0101227901B8E0087913B /* PBXContainerItemProxy */;
		};
/* End PBXTargetDependency section */

/* Begin PBXVariantGroup section */
		8FF00FFA27901B8D0087913B /* Main.storyboard */ = {
			isa = PBXVariantGroup;
			children = (
				8FF00FFB27901B8D0087913B /* Base */,
			);
			name = Main.storyboard;
			sourceTree = "<group>";
		};
		8FF00FFF27901B8E0087913B /* LaunchScreen.storyboard */ = {
			isa = PBXVariantGroup;
			children = (
				8FF0100027901B8E0087913B /* Base */,
			);
			name = LaunchScreen.storyboard;
			sourceTree = "<group>";
		};
/* End PBXVariantGroup section */

/* Begin XCBuildConfiguration section */
		8FF0101927901B8E0087913B /* Debug */ = {
			isa = XCBuildConfiguration;
			buildSettings = {
				ALWAYS_SEARCH_USER_PATHS = NO;
				CLANG_ANALYZER_NONNULL = YES;
				CLANG_ANALYZER_NUMBER_OBJECT_CONVERSION = YES_AGGRESSIVE;
				CLANG_CXX_LANGUAGE_STANDARD = "gnu++17";
				CLANG_CXX_LIBRARY = "libc++";
				CLANG_ENABLE_MODULES = YES;
				CLANG_ENABLE_OBJC_ARC = YES;
				CLANG_ENABLE_OBJC_WEAK = YES;
				CLANG_WARN_BLOCK_CAPTURE_AUTORELEASING = YES;
				CLANG_WARN_BOOL_CONVERSION = YES;
				CLANG_WARN_COMMA = YES;
				CLANG_WARN_CONSTANT_CONVERSION = YES;
				CLANG_WARN_DEPRECATED_OBJC_IMPLEMENTATIONS = YES;
				CLANG_WARN_DIRECT_OBJC_ISA_USAGE = YES_ERROR;
				CLANG_WARN_DOCUMENTATION_COMMENTS = YES;
				CLANG_WARN_EMPTY_BODY = YES;
				CLANG_WARN_ENUM_CONVERSION = YES;
				CLANG_WARN_INFINITE_RECURSION = YES;
				CLANG_WARN_INT_CONVERSION = YES;
				CLANG_WARN_NON_LITERAL_NULL_CONVERSION = YES;
				CLANG_WARN_OBJC_IMPLICIT_RETAIN_SELF = YES;
				CLANG_WARN_OBJC_LITERAL_CONVERSION = YES;
				CLANG_WARN_OBJC_ROOT_CLASS = YES_ERROR;
				CLANG_WARN_QUOTED_INCLUDE_IN_FRAMEWORK_HEADER = YES;
				CLANG_WARN_RANGE_LOOP_ANALYSIS = YES;
				CLANG_WARN_STRICT_PROTOTYPES = YES;
				CLANG_WARN_SUSPICIOUS_MOVE = YES;
				CLANG_WARN_UNGUARDED_AVAILABILITY = YES_AGGRESSIVE;
				CLANG_WARN_UNREACHABLE_CODE = YES;
				CLANG_WARN__DUPLICATE_METHOD_MATCH = YES;
				COPY_PHASE_STRIP = NO;
				DEBUG_INFORMATION_FORMAT = dwarf;
				ENABLE_STRICT_OBJC_MSGSEND = YES;
				ENABLE_TESTABILITY = YES;
				GCC_C_LANGUAGE_STANDARD = gnu11;
				GCC_DYNAMIC_NO_PIC = NO;
				GCC_NO_COMMON_BLOCKS = YES;
				GCC_OPTIMIZATION_LEVEL = 0;
				GCC_PREPROCESSOR_DEFINITIONS = (
					"DEBUG=1",
					"$(inherited)",
				);
				GCC_WARN_64_TO_32_BIT_CONVERSION = YES;
				GCC_WARN_ABOUT_RETURN_TYPE = YES_ERROR;
				GCC_WARN_UNDECLARED_SELECTOR = YES;
				GCC_WARN_UNINITIALIZED_AUTOS = YES_AGGRESSIVE;
				GCC_WARN_UNUSED_FUNCTION = YES;
				GCC_WARN_UNUSED_VARIABLE = YES;
				IPHONEOS_DEPLOYMENT_TARGET = 15.2;
				MTL_ENABLE_DEBUG_INFO = INCLUDE_SOURCE;
				MTL_FAST_MATH = YES;
				ONLY_ACTIVE_ARCH = YES;
				SDKROOT = iphoneos;
				SWIFT_ACTIVE_COMPILATION_CONDITIONS = DEBUG;
				SWIFT_OPTIMIZATION_LEVEL = "-Onone";
			};
			name = Debug;
		};
		8FF0101A27901B8E0087913B /* Release */ = {
			isa = XCBuildConfiguration;
			buildSettings = {
				ALWAYS_SEARCH_USER_PATHS = NO;
				CLANG_ANALYZER_NONNULL = YES;
				CLANG_ANALYZER_NUMBER_OBJECT_CONVERSION = YES_AGGRESSIVE;
				CLANG_CXX_LANGUAGE_STANDARD = "gnu++17";
				CLANG_CXX_LIBRARY = "libc++";
				CLANG_ENABLE_MODULES = YES;
				CLANG_ENABLE_OBJC_ARC = YES;
				CLANG_ENABLE_OBJC_WEAK = YES;
				CLANG_WARN_BLOCK_CAPTURE_AUTORELEASING = YES;
				CLANG_WARN_BOOL_CONVERSION = YES;
				CLANG_WARN_COMMA = YES;
				CLANG_WARN_CONSTANT_CONVERSION = YES;
				CLANG_WARN_DEPRECATED_OBJC_IMPLEMENTATIONS = YES;
				CLANG_WARN_DIRECT_OBJC_ISA_USAGE = YES_ERROR;
				CLANG_WARN_DOCUMENTATION_COMMENTS = YES;
				CLANG_WARN_EMPTY_BODY = YES;
				CLANG_WARN_ENUM_CONVERSION = YES;
				CLANG_WARN_INFINITE_RECURSION = YES;
				CLANG_WARN_INT_CONVERSION = YES;
				CLANG_WARN_NON_LITERAL_NULL_CONVERSION = YES;
				CLANG_WARN_OBJC_IMPLICIT_RETAIN_SELF = YES;
				CLANG_WARN_OBJC_LITERAL_CONVERSION = YES;
				CLANG_WARN_OBJC_ROOT_CLASS = YES_ERROR;
				CLANG_WARN_QUOTED_INCLUDE_IN_FRAMEWORK_HEADER = YES;
				CLANG_WARN_RANGE_LOOP_ANALYSIS = YES;
				CLANG_WARN_STRICT_PROTOTYPES = YES;
				CLANG_WARN_SUSPICIOUS_MOVE = YES;
				CLANG_WARN_UNGUARDED_AVAILABILITY = YES_AGGRESSIVE;
				CLANG_WARN_UNREACHABLE_CODE = YES;
				CLANG_WARN__DUPLICATE_METHOD_MATCH = YES;
				COPY_PHASE_STRIP = NO;
				DEBUG_INFORMATION_FORMAT = "dwarf-with-dsym";
				ENABLE_NS_ASSERTIONS = NO;
				ENABLE_STRICT_OBJC_MSGSEND = YES;
				GCC_C_LANGUAGE_STANDARD = gnu11;
				GCC_NO_COMMON_BLOCKS = YES;
				GCC_WARN_64_TO_32_BIT_CONVERSION = YES;
				GCC_WARN_ABOUT_RETURN_TYPE = YES_ERROR;
				GCC_WARN_UNDECLARED_SELECTOR = YES;
				GCC_WARN_UNINITIALIZED_AUTOS = YES_AGGRESSIVE;
				GCC_WARN_UNUSED_FUNCTION = YES;
				GCC_WARN_UNUSED_VARIABLE = YES;
				IPHONEOS_DEPLOYMENT_TARGET = 15.2;
				MTL_ENABLE_DEBUG_INFO = NO;
				MTL_FAST_MATH = YES;
				SDKROOT = iphoneos;
				SWIFT_COMPILATION_MODE = wholemodule;
				SWIFT_OPTIMIZATION_LEVEL = "-O";
				VALIDATE_PRODUCT = YES;
			};
			name = Release;
		};
		8FF0101C27901B8E0087913B /* Debug */ = {
			isa = XCBuildConfiguration;
			buildSettings = {
				ASSETCATALOG_COMPILER_APPICON_NAME = AppIcon;
				ASSETCATALOG_COMPILER_GLOBAL_ACCENT_COLOR_NAME = AccentColor;
				CODE_SIGN_STYLE = Automatic;
				CURRENT_PROJECT_VERSION = 1;
				DEVELOPMENT_TEAM = BZ3AV96J6Y;
				GENERATE_INFOPLIST_FILE = YES;
				INFOPLIST_FILE = pet_management/Info.plist;
				INFOPLIST_KEY_UIApplicationSupportsIndirectInputEvents = YES;
				INFOPLIST_KEY_UILaunchStoryboardName = LaunchScreen;
				INFOPLIST_KEY_UIMainStoryboardFile = Main;
				INFOPLIST_KEY_UISupportedInterfaceOrientations_iPad = "UIInterfaceOrientationPortrait UIInterfaceOrientationPortraitUpsideDown UIInterfaceOrientationLandscapeLeft UIInterfaceOrientationLandscapeRight";
				INFOPLIST_KEY_UISupportedInterfaceOrientations_iPhone = "UIInterfaceOrientationPortrait UIInterfaceOrientationLandscapeLeft UIInterfaceOrientationLandscapeRight";
				IPHONEOS_DEPLOYMENT_TARGET = 13.0;
				LD_RUNPATH_SEARCH_PATHS = (
					"$(inherited)",
					"@executable_path/Frameworks",
				);
				MARKETING_VERSION = 1.0;
				PRODUCT_BUNDLE_IDENTIFIER = "ph2y.pet-management";
				PRODUCT_NAME = "$(TARGET_NAME)";
				SWIFT_EMIT_LOC_STRINGS = YES;
				SWIFT_VERSION = 5.0;
				TARGETED_DEVICE_FAMILY = 1;
			};
			name = Debug;
		};
		8FF0101D27901B8E0087913B /* Release */ = {
			isa = XCBuildConfiguration;
			buildSettings = {
				ASSETCATALOG_COMPILER_APPICON_NAME = AppIcon;
				ASSETCATALOG_COMPILER_GLOBAL_ACCENT_COLOR_NAME = AccentColor;
				CODE_SIGN_STYLE = Automatic;
				CURRENT_PROJECT_VERSION = 1;
				DEVELOPMENT_TEAM = BZ3AV96J6Y;
				GENERATE_INFOPLIST_FILE = YES;
				INFOPLIST_FILE = pet_management/Info.plist;
				INFOPLIST_KEY_UIApplicationSupportsIndirectInputEvents = YES;
				INFOPLIST_KEY_UILaunchStoryboardName = LaunchScreen;
				INFOPLIST_KEY_UIMainStoryboardFile = Main;
				INFOPLIST_KEY_UISupportedInterfaceOrientations_iPad = "UIInterfaceOrientationPortrait UIInterfaceOrientationPortraitUpsideDown UIInterfaceOrientationLandscapeLeft UIInterfaceOrientationLandscapeRight";
				INFOPLIST_KEY_UISupportedInterfaceOrientations_iPhone = "UIInterfaceOrientationPortrait UIInterfaceOrientationLandscapeLeft UIInterfaceOrientationLandscapeRight";
				IPHONEOS_DEPLOYMENT_TARGET = 13.0;
				LD_RUNPATH_SEARCH_PATHS = (
					"$(inherited)",
					"@executable_path/Frameworks",
				);
				MARKETING_VERSION = 1.0;
				PRODUCT_BUNDLE_IDENTIFIER = "ph2y.pet-management";
				PRODUCT_NAME = "$(TARGET_NAME)";
				SWIFT_EMIT_LOC_STRINGS = YES;
				SWIFT_VERSION = 5.0;
				TARGETED_DEVICE_FAMILY = 1;
			};
			name = Release;
		};
		8FF0101F27901B8E0087913B /* Debug */ = {
			isa = XCBuildConfiguration;
			buildSettings = {
				ALWAYS_EMBED_SWIFT_STANDARD_LIBRARIES = YES;
				BUNDLE_LOADER = "$(TEST_HOST)";
				CODE_SIGN_STYLE = Automatic;
				CURRENT_PROJECT_VERSION = 1;
				DEVELOPMENT_TEAM = BZ3AV96J6Y;
				GENERATE_INFOPLIST_FILE = YES;
				IPHONEOS_DEPLOYMENT_TARGET = 15.2;
				MARKETING_VERSION = 1.0;
				PRODUCT_BUNDLE_IDENTIFIER = "ph2y.pet-managementTests";
				PRODUCT_NAME = "$(TARGET_NAME)";
				SWIFT_EMIT_LOC_STRINGS = NO;
				SWIFT_VERSION = 5.0;
				TARGETED_DEVICE_FAMILY = "1,2";
				TEST_HOST = "$(BUILT_PRODUCTS_DIR)/pet_management.app/pet_management";
			};
			name = Debug;
		};
		8FF0102027901B8E0087913B /* Release */ = {
			isa = XCBuildConfiguration;
			buildSettings = {
				ALWAYS_EMBED_SWIFT_STANDARD_LIBRARIES = YES;
				BUNDLE_LOADER = "$(TEST_HOST)";
				CODE_SIGN_STYLE = Automatic;
				CURRENT_PROJECT_VERSION = 1;
				DEVELOPMENT_TEAM = BZ3AV96J6Y;
				GENERATE_INFOPLIST_FILE = YES;
				IPHONEOS_DEPLOYMENT_TARGET = 15.2;
				MARKETING_VERSION = 1.0;
				PRODUCT_BUNDLE_IDENTIFIER = "ph2y.pet-managementTests";
				PRODUCT_NAME = "$(TARGET_NAME)";
				SWIFT_EMIT_LOC_STRINGS = NO;
				SWIFT_VERSION = 5.0;
				TARGETED_DEVICE_FAMILY = "1,2";
				TEST_HOST = "$(BUILT_PRODUCTS_DIR)/pet_management.app/pet_management";
			};
			name = Release;
		};
		8FF0102227901B8E0087913B /* Debug */ = {
			isa = XCBuildConfiguration;
			buildSettings = {
				ALWAYS_EMBED_SWIFT_STANDARD_LIBRARIES = YES;
				CODE_SIGN_STYLE = Automatic;
				CURRENT_PROJECT_VERSION = 1;
				DEVELOPMENT_TEAM = BZ3AV96J6Y;
				GENERATE_INFOPLIST_FILE = YES;
				MARKETING_VERSION = 1.0;
				PRODUCT_BUNDLE_IDENTIFIER = "ph2y.pet-managementUITests";
				PRODUCT_NAME = "$(TARGET_NAME)";
				SWIFT_EMIT_LOC_STRINGS = NO;
				SWIFT_VERSION = 5.0;
				TARGETED_DEVICE_FAMILY = "1,2";
				TEST_TARGET_NAME = pet_management;
			};
			name = Debug;
		};
		8FF0102327901B8E0087913B /* Release */ = {
			isa = XCBuildConfiguration;
			buildSettings = {
				ALWAYS_EMBED_SWIFT_STANDARD_LIBRARIES = YES;
				CODE_SIGN_STYLE = Automatic;
				CURRENT_PROJECT_VERSION = 1;
				DEVELOPMENT_TEAM = BZ3AV96J6Y;
				GENERATE_INFOPLIST_FILE = YES;
				MARKETING_VERSION = 1.0;
				PRODUCT_BUNDLE_IDENTIFIER = "ph2y.pet-managementUITests";
				PRODUCT_NAME = "$(TARGET_NAME)";
				SWIFT_EMIT_LOC_STRINGS = NO;
				SWIFT_VERSION = 5.0;
				TARGETED_DEVICE_FAMILY = "1,2";
				TEST_TARGET_NAME = pet_management;
			};
			name = Release;
		};
/* End XCBuildConfiguration section */

/* Begin XCConfigurationList section */
		8FF00FEC27901B8D0087913B /* Build configuration list for PBXProject "pet_management" */ = {
			isa = XCConfigurationList;
			buildConfigurations = (
				8FF0101927901B8E0087913B /* Debug */,
				8FF0101A27901B8E0087913B /* Release */,
			);
			defaultConfigurationIsVisible = 0;
			defaultConfigurationName = Release;
		};
		8FF0101B27901B8E0087913B /* Build configuration list for PBXNativeTarget "pet_management" */ = {
			isa = XCConfigurationList;
			buildConfigurations = (
				8FF0101C27901B8E0087913B /* Debug */,
				8FF0101D27901B8E0087913B /* Release */,
			);
			defaultConfigurationIsVisible = 0;
			defaultConfigurationName = Release;
		};
		8FF0101E27901B8E0087913B /* Build configuration list for PBXNativeTarget "pet_managementTests" */ = {
			isa = XCConfigurationList;
			buildConfigurations = (
				8FF0101F27901B8E0087913B /* Debug */,
				8FF0102027901B8E0087913B /* Release */,
			);
			defaultConfigurationIsVisible = 0;
			defaultConfigurationName = Release;
		};
		8FF0102127901B8E0087913B /* Build configuration list for PBXNativeTarget "pet_managementUITests" */ = {
			isa = XCConfigurationList;
			buildConfigurations = (
				8FF0102227901B8E0087913B /* Debug */,
				8FF0102327901B8E0087913B /* Release */,
			);
			defaultConfigurationIsVisible = 0;
			defaultConfigurationName = Release;
		};
/* End XCConfigurationList section */

/* Begin XCRemoteSwiftPackageReference section */
		8F25E7D72792D280005070D6 /* XCRemoteSwiftPackageReference "Alamofire" */ = {
			isa = XCRemoteSwiftPackageReference;
			repositoryURL = "https://github.com/Alamofire/Alamofire.git";
			requirement = {
				kind = upToNextMajorVersion;
				minimumVersion = 5.0.0;
			};
		};
/* End XCRemoteSwiftPackageReference section */

/* Begin XCSwiftPackageProductDependency section */
		8F25E7D82792D280005070D6 /* Alamofire */ = {
			isa = XCSwiftPackageProductDependency;
			package = 8F25E7D72792D280005070D6 /* XCRemoteSwiftPackageReference "Alamofire" */;
			productName = Alamofire;
		};
/* End XCSwiftPackageProductDependency section */
	};
	rootObject = 8FF00FE927901B8D0087913B /* Project object */;
}
