// !$*UTF8*$!
{
	archiveVersion = 1;
	classes = {
	};
	objectVersion = 55;
	objects = {

/* Begin PBXBuildFile section */
		8F038FA8279E4DF800283867 /* UIMyPetScheduleVC.swift in Sources */ = {isa = PBXBuildFile; fileRef = 8F038FA7279E4DF800283867 /* UIMyPetScheduleVC.swift */; };
		8F038FAA279E764000283867 /* UIMyPetScheduleEditorVC.swift in Sources */ = {isa = PBXBuildFile; fileRef = 8F038FA9279E764000283867 /* UIMyPetScheduleEditorVC.swift */; };
		8F038FAE279E803700283867 /* PetSchedule.swift in Sources */ = {isa = PBXBuildFile; fileRef = 8F038FAD279E803700283867 /* PetSchedule.swift */; };
		8F038FB0279E8D8B00283867 /* PetScheduleUpdateDto.swift in Sources */ = {isa = PBXBuildFile; fileRef = 8F038FAF279E8D8B00283867 /* PetScheduleUpdateDto.swift */; };
		8F1D0985279418E2000CBC26 /* EmailVerificationTimer.swift in Sources */ = {isa = PBXBuildFile; fileRef = 8F1D0984279418E2000CBC26 /* EmailVerificationTimer.swift */; };
		8F1D0987279426F1000CBC26 /* AccountRecoverPasswordDto.swift in Sources */ = {isa = PBXBuildFile; fileRef = 8F1D0986279426F1000CBC26 /* AccountRecoverPasswordDto.swift */; };
		8F2016B1279FA307007B34B9 /* PetScheduleFetchDto.swift in Sources */ = {isa = PBXBuildFile; fileRef = 8F2016B0279FA307007B34B9 /* PetScheduleFetchDto.swift */; };
		8F25E7D1279289D7005070D6 /* UICreateAccountCredentialsVC.swift in Sources */ = {isa = PBXBuildFile; fileRef = 8F25E7D0279289D7005070D6 /* UICreateAccountCredentialsVC.swift */; };
		8F25E7D32792B103005070D6 /* UICreateAccountDetailsVC.swift in Sources */ = {isa = PBXBuildFile; fileRef = 8F25E7D22792B102005070D6 /* UICreateAccountDetailsVC.swift */; };
		8F25E7D62792CB1C005070D6 /* APIBackendConfig.swift in Sources */ = {isa = PBXBuildFile; fileRef = 8F25E7D52792CB1C005070D6 /* APIBackendConfig.swift */; };
		8F25E7D92792D280005070D6 /* Alamofire in Frameworks */ = {isa = PBXBuildFile; productRef = 8F25E7D82792D280005070D6 /* Alamofire */; };
		8F25E7DC2792D51B005070D6 /* AccountSendAuthCodeDto.swift in Sources */ = {isa = PBXBuildFile; fileRef = 8F25E7DB2792D51B005070D6 /* AccountSendAuthCodeDto.swift */; };
		8F25E7DF2792D5C9005070D6 /* HttpMetaData.swift in Sources */ = {isa = PBXBuildFile; fileRef = 8F25E7DE2792D5C9005070D6 /* HttpMetaData.swift */; };
		8F25E7E12792E017005070D6 /* AccountVerifyAuthCodeDto.swift in Sources */ = {isa = PBXBuildFile; fileRef = 8F25E7E02792E017005070D6 /* AccountVerifyAuthCodeDto.swift */; };
		8F25E7E32792E39F005070D6 /* AccountCreateDto.swift in Sources */ = {isa = PBXBuildFile; fileRef = 8F25E7E22792E39F005070D6 /* AccountCreateDto.swift */; };
		8F37F786279AACD50004394D /* UIMyPetPageVC.swift in Sources */ = {isa = PBXBuildFile; fileRef = 8F37F785279AACD50004394D /* UIMyPetPageVC.swift */; };
		8F37F788279AACE40004394D /* UIMyPetCardVC.swift in Sources */ = {isa = PBXBuildFile; fileRef = 8F37F787279AACE40004394D /* UIMyPetCardVC.swift */; };
		8F37F78D279AB0FF0004394D /* PetFetchDto.swift in Sources */ = {isa = PBXBuildFile; fileRef = 8F37F78C279AB0FF0004394D /* PetFetchDto.swift */; };
		8F37F790279AB1920004394D /* Pet.swift in Sources */ = {isa = PBXBuildFile; fileRef = 8F37F78F279AB1920004394D /* Pet.swift */; };
		8F37F796279AC83E0004394D /* UIMyPetEmptyVC.swift in Sources */ = {isa = PBXBuildFile; fileRef = 8F37F795279AC83E0004394D /* UIMyPetEmptyVC.swift */; };
		8F82F33C27BE1A2300571697 /* Pageable.swift in Sources */ = {isa = PBXBuildFile; fileRef = 8F82F33B27BE1A2300571697 /* Pageable.swift */; };
		8F82F33F27BE284100571697 /* LikeCreateDto.swift in Sources */ = {isa = PBXBuildFile; fileRef = 8F82F33E27BE284100571697 /* LikeCreateDto.swift */; };
		8F82F34127BE284800571697 /* LikeDeleteDto.swift in Sources */ = {isa = PBXBuildFile; fileRef = 8F82F34027BE284800571697 /* LikeDeleteDto.swift */; };
		8F82F34327BE2D9A00571697 /* LikeFetchDto.swift in Sources */ = {isa = PBXBuildFile; fileRef = 8F82F34227BE2D9A00571697 /* LikeFetchDto.swift */; };
		8F9564F62798011000AE577B /* AccountLoginDto.swift in Sources */ = {isa = PBXBuildFile; fileRef = 8F9564F52798011000AE577B /* AccountLoginDto.swift */; };
		8F9564F9279802CA00AE577B /* UIUtil.swift in Sources */ = {isa = PBXBuildFile; fileRef = 8F9564F8279802CA00AE577B /* UIUtil.swift */; };
		8F95BB6627C7343200ED7630 /* PetPhotoFetchDto.swift in Sources */ = {isa = PBXBuildFile; fileRef = 8F95BB6527C7343200ED7630 /* PetPhotoFetchDto.swift */; };
		8F95BB6827C745E600ED7630 /* PetPhotoDeleteDto.swift in Sources */ = {isa = PBXBuildFile; fileRef = 8F95BB6727C745E600ED7630 /* PetPhotoDeleteDto.swift */; };
		8F9C743427A3F0E3004B1B79 /* PetScheduleDeleteDto.swift in Sources */ = {isa = PBXBuildFile; fileRef = 8F9C743327A3F0E3004B1B79 /* PetScheduleDeleteDto.swift */; };
		8F9C743627A3F805004B1B79 /* PetScheduleCreateDto.swift in Sources */ = {isa = PBXBuildFile; fileRef = 8F9C743527A3F805004B1B79 /* PetScheduleCreateDto.swift */; };
		8F9C743827A3F9E1004B1B79 /* UIMyPetScheduleCellVC.swift in Sources */ = {isa = PBXBuildFile; fileRef = 8F9C743727A3F9E1004B1B79 /* UIMyPetScheduleCellVC.swift */; };
		8FA426A427BA4C92008FBD43 /* Post.swift in Sources */ = {isa = PBXBuildFile; fileRef = 8FA426A327BA4C92008FBD43 /* Post.swift */; };
		8FA426A627BA4CF5008FBD43 /* Account.swift in Sources */ = {isa = PBXBuildFile; fileRef = 8FA426A527BA4CF5008FBD43 /* Account.swift */; };
		8FA426A927BA4EE6008FBD43 /* PetPostFetchDto.swift in Sources */ = {isa = PBXBuildFile; fileRef = 8FA426A827BA4EE6008FBD43 /* PetPostFetchDto.swift */; };
		8FA58B3A279AEE0900B83D00 /* AccountFetchDto.swift in Sources */ = {isa = PBXBuildFile; fileRef = 8FA58B39279AEE0900B83D00 /* AccountFetchDto.swift */; };
		8FA8AAAC27BCE806009F5561 /* UIPetPostCellVC.swift in Sources */ = {isa = PBXBuildFile; fileRef = 8FA8AAAB27BCE806009F5561 /* UIPetPostCellVC.swift */; };
		8FA8AAAE27BCE80E009F5561 /* UIPetPostWithImageCellVC.swift in Sources */ = {isa = PBXBuildFile; fileRef = 8FA8AAAD27BCE80E009F5561 /* UIPetPostWithImageCellVC.swift */; };
		8FAA0E34279D6CEF00E400F3 /* UIBorderView.swift in Sources */ = {isa = PBXBuildFile; fileRef = 8FAA0E33279D6CEF00E400F3 /* UIBorderView.swift */; };
		8FAA0E36279D748600E400F3 /* UIMyPetEditorVC.swift in Sources */ = {isa = PBXBuildFile; fileRef = 8FAA0E35279D748600E400F3 /* UIMyPetEditorVC.swift */; };
		8FAA0E38279D749100E400F3 /* UIMyPetDetailVC.swift in Sources */ = {isa = PBXBuildFile; fileRef = 8FAA0E37279D749100E400F3 /* UIMyPetDetailVC.swift */; };
		8FAA0E3A279D86F400E400F3 /* PetCreateDto.swift in Sources */ = {isa = PBXBuildFile; fileRef = 8FAA0E39279D86F400E400F3 /* PetCreateDto.swift */; };
		8FAA0E3C279D873200E400F3 /* PetUpdateDto.swift in Sources */ = {isa = PBXBuildFile; fileRef = 8FAA0E3B279D873200E400F3 /* PetUpdateDto.swift */; };
		8FAA0E3E279D87A200E400F3 /* PetPhotoUpdateDto.swift in Sources */ = {isa = PBXBuildFile; fileRef = 8FAA0E3D279D87A200E400F3 /* PetPhotoUpdateDto.swift */; };
		8FAA0E42279D960200E400F3 /* PetDeleteDto.swift in Sources */ = {isa = PBXBuildFile; fileRef = 8FAA0E41279D960200E400F3 /* PetDeleteDto.swift */; };
		8FAC8C4227BCEB120082AAC0 /* Attachment.swift in Sources */ = {isa = PBXBuildFile; fileRef = 8FAC8C4127BCEB120082AAC0 /* Attachment.swift */; };
		8FCEAFCF2794007D00CD8DA6 /* UIFindAccountVC.swift in Sources */ = {isa = PBXBuildFile; fileRef = 8FCEAFCE2794007D00CD8DA6 /* UIFindAccountVC.swift */; };
		8FCEAFD12794009000CD8DA6 /* UIFindAccountUsernameVC.swift in Sources */ = {isa = PBXBuildFile; fileRef = 8FCEAFD02794009000CD8DA6 /* UIFindAccountUsernameVC.swift */; };
		8FCEAFD32794009A00CD8DA6 /* UIFindAccountPasswordVC.swift in Sources */ = {isa = PBXBuildFile; fileRef = 8FCEAFD22794009A00CD8DA6 /* UIFindAccountPasswordVC.swift */; };
		8FCEAFD5279411B300CD8DA6 /* AccountRecoverUsernameDto.swift in Sources */ = {isa = PBXBuildFile; fileRef = 8FCEAFD4279411B300CD8DA6 /* AccountRecoverUsernameDto.swift */; };
		8FF00FF527901B8D0087913B /* AppDelegate.swift in Sources */ = {isa = PBXBuildFile; fileRef = 8FF00FF427901B8D0087913B /* AppDelegate.swift */; };
		8FF00FF727901B8D0087913B /* SceneDelegate.swift in Sources */ = {isa = PBXBuildFile; fileRef = 8FF00FF627901B8D0087913B /* SceneDelegate.swift */; };
		8FF00FFC27901B8D0087913B /* Main.storyboard in Resources */ = {isa = PBXBuildFile; fileRef = 8FF00FFA27901B8D0087913B /* Main.storyboard */; };
		8FF00FFE27901B8E0087913B /* Assets.xcassets in Resources */ = {isa = PBXBuildFile; fileRef = 8FF00FFD27901B8E0087913B /* Assets.xcassets */; };
		8FF0100127901B8E0087913B /* LaunchScreen.storyboard in Resources */ = {isa = PBXBuildFile; fileRef = 8FF00FFF27901B8E0087913B /* LaunchScreen.storyboard */; };
		8FF0100C27901B8E0087913B /* pet_managementTests.swift in Sources */ = {isa = PBXBuildFile; fileRef = 8FF0100B27901B8E0087913B /* pet_managementTests.swift */; };
		8FF0101627901B8E0087913B /* pet_managementUITests.swift in Sources */ = {isa = PBXBuildFile; fileRef = 8FF0101527901B8E0087913B /* pet_managementUITests.swift */; };
		8FF0101827901B8E0087913B /* pet_managementUITestsLaunchTests.swift in Sources */ = {isa = PBXBuildFile; fileRef = 8FF0101727901B8E0087913B /* pet_managementUITestsLaunchTests.swift */; };
		8FF01026279036C40087913B /* SplashImage.png in Resources */ = {isa = PBXBuildFile; fileRef = 8FF01025279036C40087913B /* SplashImage.png */; };
		8FFCCF3D2791349600911F3C /* MarkerTrain.png in Resources */ = {isa = PBXBuildFile; fileRef = 8FFCCF2E2791349600911F3C /* MarkerTrain.png */; };
		8FFCCF3E2791349600911F3C /* MarkerCafe.png in Resources */ = {isa = PBXBuildFile; fileRef = 8FFCCF2F2791349600911F3C /* MarkerCafe.png */; };
		8FFCCF3F2791349600911F3C /* AppIcon.png in Resources */ = {isa = PBXBuildFile; fileRef = 8FFCCF302791349600911F3C /* AppIcon.png */; };
		8FFCCF402791349600911F3C /* MarkerStore.png in Resources */ = {isa = PBXBuildFile; fileRef = 8FFCCF312791349600911F3C /* MarkerStore.png */; };
		8FFCCF412791349600911F3C /* AppIconWithoutBackground.png in Resources */ = {isa = PBXBuildFile; fileRef = 8FFCCF322791349600911F3C /* AppIconWithoutBackground.png */; };
		8FFCCF422791349600911F3C /* MarkerCurrentLocation.png in Resources */ = {isa = PBXBuildFile; fileRef = 8FFCCF332791349600911F3C /* MarkerCurrentLocation.png */; };
		8FFCCF432791349600911F3C /* Img.png in Resources */ = {isa = PBXBuildFile; fileRef = 8FFCCF342791349600911F3C /* Img.png */; };
		8FFCCF442791349600911F3C /* MarkerPet.png in Resources */ = {isa = PBXBuildFile; fileRef = 8FFCCF352791349600911F3C /* MarkerPet.png */; };
		8FFCCF452791349600911F3C /* MarkerCar.png in Resources */ = {isa = PBXBuildFile; fileRef = 8FFCCF362791349600911F3C /* MarkerCar.png */; };
		8FFCCF462791349600911F3C /* AppIconWithoutBackgroundForSplash.png in Resources */ = {isa = PBXBuildFile; fileRef = 8FFCCF372791349600911F3C /* AppIconWithoutBackgroundForSplash.png */; };
		8FFCCF472791349600911F3C /* MarkerHospital.png in Resources */ = {isa = PBXBuildFile; fileRef = 8FFCCF382791349600911F3C /* MarkerHospital.png */; };
		8FFCCF482791349600911F3C /* MarkerDefault.png in Resources */ = {isa = PBXBuildFile; fileRef = 8FFCCF392791349600911F3C /* MarkerDefault.png */; };
		8FFCCF492791349600911F3C /* Crown.png in Resources */ = {isa = PBXBuildFile; fileRef = 8FFCCF3A2791349600911F3C /* Crown.png */; };
		8FFCCF4A2791349600911F3C /* MarkerSchool.png in Resources */ = {isa = PBXBuildFile; fileRef = 8FFCCF3B2791349600911F3C /* MarkerSchool.png */; };
		8FFCCF4B2791349600911F3C /* PostDefaultImage.png in Resources */ = {isa = PBXBuildFile; fileRef = 8FFCCF3C2791349600911F3C /* PostDefaultImage.png */; };
		8FFCCF5127913CFD00911F3C /* sunflower_light.ttf in Resources */ = {isa = PBXBuildFile; fileRef = 8FFCCF4C27913CFD00911F3C /* sunflower_light.ttf */; };
		8FFCCF5227913CFD00911F3C /* sunflower_medium.ttf in Resources */ = {isa = PBXBuildFile; fileRef = 8FFCCF4D27913CFD00911F3C /* sunflower_medium.ttf */; };
		8FFCCF5327913CFD00911F3C /* noto_sans_kr_light.otf in Resources */ = {isa = PBXBuildFile; fileRef = 8FFCCF4E27913CFD00911F3C /* noto_sans_kr_light.otf */; };
		8FFCCF5427913CFD00911F3C /* noto_sans_kr_thin.otf in Resources */ = {isa = PBXBuildFile; fileRef = 8FFCCF4F27913CFD00911F3C /* noto_sans_kr_thin.otf */; };
		8FFCCF5527913CFD00911F3C /* sunflower_bold.ttf in Resources */ = {isa = PBXBuildFile; fileRef = 8FFCCF5027913CFD00911F3C /* sunflower_bold.ttf */; };
		8FFCCF5D27915D7A00911F3C /* UILoginVC.swift in Sources */ = {isa = PBXBuildFile; fileRef = 8FFCCF5C27915D7A00911F3C /* UILoginVC.swift */; };
		8FFCCF612791739800911F3C /* UICreateAccountTermsVC.swift in Sources */ = {isa = PBXBuildFile; fileRef = 8FFCCF602791739800911F3C /* UICreateAccountTermsVC.swift */; };
/* End PBXBuildFile section */

/* Begin PBXContainerItemProxy section */
		8FF0100827901B8E0087913B /* PBXContainerItemProxy */ = {
			isa = PBXContainerItemProxy;
			containerPortal = 8FF00FE927901B8D0087913B /* Project object */;
			proxyType = 1;
			remoteGlobalIDString = 8FF00FF027901B8D0087913B;
			remoteInfo = pet_management;
		};
		8FF0101227901B8E0087913B /* PBXContainerItemProxy */ = {
			isa = PBXContainerItemProxy;
			containerPortal = 8FF00FE927901B8D0087913B /* Project object */;
			proxyType = 1;
			remoteGlobalIDString = 8FF00FF027901B8D0087913B;
			remoteInfo = pet_management;
		};
/* End PBXContainerItemProxy section */

/* Begin PBXFileReference section */
		8F038FA7279E4DF800283867 /* UIMyPetScheduleVC.swift */ = {isa = PBXFileReference; lastKnownFileType = sourcecode.swift; path = UIMyPetScheduleVC.swift; sourceTree = "<group>"; };
		8F038FA9279E764000283867 /* UIMyPetScheduleEditorVC.swift */ = {isa = PBXFileReference; lastKnownFileType = sourcecode.swift; path = UIMyPetScheduleEditorVC.swift; sourceTree = "<group>"; };
		8F038FAD279E803700283867 /* PetSchedule.swift */ = {isa = PBXFileReference; lastKnownFileType = sourcecode.swift; path = PetSchedule.swift; sourceTree = "<group>"; };
		8F038FAF279E8D8B00283867 /* PetScheduleUpdateDto.swift */ = {isa = PBXFileReference; lastKnownFileType = sourcecode.swift; path = PetScheduleUpdateDto.swift; sourceTree = "<group>"; };
		8F1D0984279418E2000CBC26 /* EmailVerificationTimer.swift */ = {isa = PBXFileReference; lastKnownFileType = sourcecode.swift; path = EmailVerificationTimer.swift; sourceTree = "<group>"; };
		8F1D0986279426F1000CBC26 /* AccountRecoverPasswordDto.swift */ = {isa = PBXFileReference; lastKnownFileType = sourcecode.swift; path = AccountRecoverPasswordDto.swift; sourceTree = "<group>"; };
		8F2016B0279FA307007B34B9 /* PetScheduleFetchDto.swift */ = {isa = PBXFileReference; lastKnownFileType = sourcecode.swift; path = PetScheduleFetchDto.swift; sourceTree = "<group>"; };
		8F25E7D0279289D7005070D6 /* UICreateAccountCredentialsVC.swift */ = {isa = PBXFileReference; lastKnownFileType = sourcecode.swift; path = UICreateAccountCredentialsVC.swift; sourceTree = "<group>"; };
		8F25E7D22792B102005070D6 /* UICreateAccountDetailsVC.swift */ = {isa = PBXFileReference; lastKnownFileType = sourcecode.swift; path = UICreateAccountDetailsVC.swift; sourceTree = "<group>"; };
		8F25E7D52792CB1C005070D6 /* APIBackendConfig.swift */ = {isa = PBXFileReference; lastKnownFileType = sourcecode.swift; path = APIBackendConfig.swift; sourceTree = "<group>"; };
		8F25E7DB2792D51B005070D6 /* AccountSendAuthCodeDto.swift */ = {isa = PBXFileReference; lastKnownFileType = sourcecode.swift; path = AccountSendAuthCodeDto.swift; sourceTree = "<group>"; };
		8F25E7DE2792D5C9005070D6 /* HttpMetaData.swift */ = {isa = PBXFileReference; lastKnownFileType = sourcecode.swift; path = HttpMetaData.swift; sourceTree = "<group>"; };
		8F25E7E02792E017005070D6 /* AccountVerifyAuthCodeDto.swift */ = {isa = PBXFileReference; lastKnownFileType = sourcecode.swift; path = AccountVerifyAuthCodeDto.swift; sourceTree = "<group>"; };
		8F25E7E22792E39F005070D6 /* AccountCreateDto.swift */ = {isa = PBXFileReference; lastKnownFileType = sourcecode.swift; path = AccountCreateDto.swift; sourceTree = "<group>"; };
		8F37F785279AACD50004394D /* UIMyPetPageVC.swift */ = {isa = PBXFileReference; lastKnownFileType = sourcecode.swift; path = UIMyPetPageVC.swift; sourceTree = "<group>"; };
		8F37F787279AACE40004394D /* UIMyPetCardVC.swift */ = {isa = PBXFileReference; lastKnownFileType = sourcecode.swift; path = UIMyPetCardVC.swift; sourceTree = "<group>"; };
		8F37F78C279AB0FF0004394D /* PetFetchDto.swift */ = {isa = PBXFileReference; lastKnownFileType = sourcecode.swift; path = PetFetchDto.swift; sourceTree = "<group>"; };
		8F37F78F279AB1920004394D /* Pet.swift */ = {isa = PBXFileReference; lastKnownFileType = sourcecode.swift; path = Pet.swift; sourceTree = "<group>"; };
		8F37F795279AC83E0004394D /* UIMyPetEmptyVC.swift */ = {isa = PBXFileReference; lastKnownFileType = sourcecode.swift; path = UIMyPetEmptyVC.swift; sourceTree = "<group>"; };
		8F82F33B27BE1A2300571697 /* Pageable.swift */ = {isa = PBXFileReference; lastKnownFileType = sourcecode.swift; path = Pageable.swift; sourceTree = "<group>"; };
		8F82F33E27BE284100571697 /* LikeCreateDto.swift */ = {isa = PBXFileReference; lastKnownFileType = sourcecode.swift; path = LikeCreateDto.swift; sourceTree = "<group>"; };
		8F82F34027BE284800571697 /* LikeDeleteDto.swift */ = {isa = PBXFileReference; lastKnownFileType = sourcecode.swift; path = LikeDeleteDto.swift; sourceTree = "<group>"; };
		8F82F34227BE2D9A00571697 /* LikeFetchDto.swift */ = {isa = PBXFileReference; lastKnownFileType = sourcecode.swift; path = LikeFetchDto.swift; sourceTree = "<group>"; };
		8F9564F52798011000AE577B /* AccountLoginDto.swift */ = {isa = PBXFileReference; lastKnownFileType = sourcecode.swift; path = AccountLoginDto.swift; sourceTree = "<group>"; };
		8F9564F8279802CA00AE577B /* UIUtil.swift */ = {isa = PBXFileReference; lastKnownFileType = sourcecode.swift; path = UIUtil.swift; sourceTree = "<group>"; };
		8F95BB6527C7343200ED7630 /* PetPhotoFetchDto.swift */ = {isa = PBXFileReference; lastKnownFileType = sourcecode.swift; path = PetPhotoFetchDto.swift; sourceTree = "<group>"; };
		8F95BB6727C745E600ED7630 /* PetPhotoDeleteDto.swift */ = {isa = PBXFileReference; lastKnownFileType = sourcecode.swift; path = PetPhotoDeleteDto.swift; sourceTree = "<group>"; };
		8F9C743327A3F0E3004B1B79 /* PetScheduleDeleteDto.swift */ = {isa = PBXFileReference; lastKnownFileType = sourcecode.swift; path = PetScheduleDeleteDto.swift; sourceTree = "<group>"; };
		8F9C743527A3F805004B1B79 /* PetScheduleCreateDto.swift */ = {isa = PBXFileReference; lastKnownFileType = sourcecode.swift; path = PetScheduleCreateDto.swift; sourceTree = "<group>"; };
		8F9C743727A3F9E1004B1B79 /* UIMyPetScheduleCellVC.swift */ = {isa = PBXFileReference; lastKnownFileType = sourcecode.swift; path = UIMyPetScheduleCellVC.swift; sourceTree = "<group>"; };
		8FA426A327BA4C92008FBD43 /* Post.swift */ = {isa = PBXFileReference; lastKnownFileType = sourcecode.swift; path = Post.swift; sourceTree = "<group>"; };
		8FA426A527BA4CF5008FBD43 /* Account.swift */ = {isa = PBXFileReference; lastKnownFileType = sourcecode.swift; path = Account.swift; sourceTree = "<group>"; };
		8FA426A827BA4EE6008FBD43 /* PetPostFetchDto.swift */ = {isa = PBXFileReference; lastKnownFileType = sourcecode.swift; path = PetPostFetchDto.swift; sourceTree = "<group>"; };
		8FA58B39279AEE0900B83D00 /* AccountFetchDto.swift */ = {isa = PBXFileReference; lastKnownFileType = sourcecode.swift; path = AccountFetchDto.swift; sourceTree = "<group>"; };
		8FA8AAAB27BCE806009F5561 /* UIPetPostCellVC.swift */ = {isa = PBXFileReference; lastKnownFileType = sourcecode.swift; path = UIPetPostCellVC.swift; sourceTree = "<group>"; };
		8FA8AAAD27BCE80E009F5561 /* UIPetPostWithImageCellVC.swift */ = {isa = PBXFileReference; lastKnownFileType = sourcecode.swift; path = UIPetPostWithImageCellVC.swift; sourceTree = "<group>"; };
		8FAA0E33279D6CEF00E400F3 /* UIBorderView.swift */ = {isa = PBXFileReference; lastKnownFileType = sourcecode.swift; path = UIBorderView.swift; sourceTree = "<group>"; };
		8FAA0E35279D748600E400F3 /* UIMyPetEditorVC.swift */ = {isa = PBXFileReference; lastKnownFileType = sourcecode.swift; path = UIMyPetEditorVC.swift; sourceTree = "<group>"; };
		8FAA0E37279D749100E400F3 /* UIMyPetDetailVC.swift */ = {isa = PBXFileReference; lastKnownFileType = sourcecode.swift; path = UIMyPetDetailVC.swift; sourceTree = "<group>"; };
		8FAA0E39279D86F400E400F3 /* PetCreateDto.swift */ = {isa = PBXFileReference; lastKnownFileType = sourcecode.swift; path = PetCreateDto.swift; sourceTree = "<group>"; };
		8FAA0E3B279D873200E400F3 /* PetUpdateDto.swift */ = {isa = PBXFileReference; lastKnownFileType = sourcecode.swift; path = PetUpdateDto.swift; sourceTree = "<group>"; };
		8FAA0E3D279D87A200E400F3 /* PetPhotoUpdateDto.swift */ = {isa = PBXFileReference; lastKnownFileType = sourcecode.swift; path = PetPhotoUpdateDto.swift; sourceTree = "<group>"; };
		8FAA0E41279D960200E400F3 /* PetDeleteDto.swift */ = {isa = PBXFileReference; lastKnownFileType = sourcecode.swift; path = PetDeleteDto.swift; sourceTree = "<group>"; };
		8FAC8C4127BCEB120082AAC0 /* Attachment.swift */ = {isa = PBXFileReference; lastKnownFileType = sourcecode.swift; path = Attachment.swift; sourceTree = "<group>"; };
		8FCEAFCE2794007D00CD8DA6 /* UIFindAccountVC.swift */ = {isa = PBXFileReference; lastKnownFileType = sourcecode.swift; path = UIFindAccountVC.swift; sourceTree = "<group>"; };
		8FCEAFD02794009000CD8DA6 /* UIFindAccountUsernameVC.swift */ = {isa = PBXFileReference; lastKnownFileType = sourcecode.swift; path = UIFindAccountUsernameVC.swift; sourceTree = "<group>"; };
		8FCEAFD22794009A00CD8DA6 /* UIFindAccountPasswordVC.swift */ = {isa = PBXFileReference; lastKnownFileType = sourcecode.swift; path = UIFindAccountPasswordVC.swift; sourceTree = "<group>"; };
		8FCEAFD4279411B300CD8DA6 /* AccountRecoverUsernameDto.swift */ = {isa = PBXFileReference; lastKnownFileType = sourcecode.swift; path = AccountRecoverUsernameDto.swift; sourceTree = "<group>"; };
		8FF00FF127901B8D0087913B /* pet_management.app */ = {isa = PBXFileReference; explicitFileType = wrapper.application; includeInIndex = 0; path = pet_management.app; sourceTree = BUILT_PRODUCTS_DIR; };
		8FF00FF427901B8D0087913B /* AppDelegate.swift */ = {isa = PBXFileReference; lastKnownFileType = sourcecode.swift; path = AppDelegate.swift; sourceTree = "<group>"; };
		8FF00FF627901B8D0087913B /* SceneDelegate.swift */ = {isa = PBXFileReference; lastKnownFileType = sourcecode.swift; path = SceneDelegate.swift; sourceTree = "<group>"; };
		8FF00FFB27901B8D0087913B /* Base */ = {isa = PBXFileReference; lastKnownFileType = file.storyboard; name = Base; path = Base.lproj/Main.storyboard; sourceTree = "<group>"; };
		8FF00FFD27901B8E0087913B /* Assets.xcassets */ = {isa = PBXFileReference; lastKnownFileType = folder.assetcatalog; path = Assets.xcassets; sourceTree = "<group>"; };
		8FF0100027901B8E0087913B /* Base */ = {isa = PBXFileReference; lastKnownFileType = file.storyboard; name = Base; path = Base.lproj/LaunchScreen.storyboard; sourceTree = "<group>"; };
		8FF0100227901B8E0087913B /* Info.plist */ = {isa = PBXFileReference; lastKnownFileType = text.plist.xml; path = Info.plist; sourceTree = "<group>"; };
		8FF0100727901B8E0087913B /* pet_managementTests.xctest */ = {isa = PBXFileReference; explicitFileType = wrapper.cfbundle; includeInIndex = 0; path = pet_managementTests.xctest; sourceTree = BUILT_PRODUCTS_DIR; };
		8FF0100B27901B8E0087913B /* pet_managementTests.swift */ = {isa = PBXFileReference; lastKnownFileType = sourcecode.swift; path = pet_managementTests.swift; sourceTree = "<group>"; };
		8FF0101127901B8E0087913B /* pet_managementUITests.xctest */ = {isa = PBXFileReference; explicitFileType = wrapper.cfbundle; includeInIndex = 0; path = pet_managementUITests.xctest; sourceTree = BUILT_PRODUCTS_DIR; };
		8FF0101527901B8E0087913B /* pet_managementUITests.swift */ = {isa = PBXFileReference; lastKnownFileType = sourcecode.swift; path = pet_managementUITests.swift; sourceTree = "<group>"; };
		8FF0101727901B8E0087913B /* pet_managementUITestsLaunchTests.swift */ = {isa = PBXFileReference; lastKnownFileType = sourcecode.swift; path = pet_managementUITestsLaunchTests.swift; sourceTree = "<group>"; };
		8FF01025279036C40087913B /* SplashImage.png */ = {isa = PBXFileReference; lastKnownFileType = image.png; path = SplashImage.png; sourceTree = "<group>"; };
		8FFCCF2E2791349600911F3C /* MarkerTrain.png */ = {isa = PBXFileReference; lastKnownFileType = image.png; path = MarkerTrain.png; sourceTree = "<group>"; };
		8FFCCF2F2791349600911F3C /* MarkerCafe.png */ = {isa = PBXFileReference; lastKnownFileType = image.png; path = MarkerCafe.png; sourceTree = "<group>"; };
		8FFCCF302791349600911F3C /* AppIcon.png */ = {isa = PBXFileReference; lastKnownFileType = image.png; path = AppIcon.png; sourceTree = "<group>"; };
		8FFCCF312791349600911F3C /* MarkerStore.png */ = {isa = PBXFileReference; lastKnownFileType = image.png; path = MarkerStore.png; sourceTree = "<group>"; };
		8FFCCF322791349600911F3C /* AppIconWithoutBackground.png */ = {isa = PBXFileReference; lastKnownFileType = image.png; path = AppIconWithoutBackground.png; sourceTree = "<group>"; };
		8FFCCF332791349600911F3C /* MarkerCurrentLocation.png */ = {isa = PBXFileReference; lastKnownFileType = image.png; path = MarkerCurrentLocation.png; sourceTree = "<group>"; };
		8FFCCF342791349600911F3C /* Img.png */ = {isa = PBXFileReference; lastKnownFileType = image.png; path = Img.png; sourceTree = "<group>"; };
		8FFCCF352791349600911F3C /* MarkerPet.png */ = {isa = PBXFileReference; lastKnownFileType = image.png; path = MarkerPet.png; sourceTree = "<group>"; };
		8FFCCF362791349600911F3C /* MarkerCar.png */ = {isa = PBXFileReference; lastKnownFileType = image.png; path = MarkerCar.png; sourceTree = "<group>"; };
		8FFCCF372791349600911F3C /* AppIconWithoutBackgroundForSplash.png */ = {isa = PBXFileReference; lastKnownFileType = image.png; path = AppIconWithoutBackgroundForSplash.png; sourceTree = "<group>"; };
		8FFCCF382791349600911F3C /* MarkerHospital.png */ = {isa = PBXFileReference; lastKnownFileType = image.png; path = MarkerHospital.png; sourceTree = "<group>"; };
		8FFCCF392791349600911F3C /* MarkerDefault.png */ = {isa = PBXFileReference; lastKnownFileType = image.png; path = MarkerDefault.png; sourceTree = "<group>"; };
		8FFCCF3A2791349600911F3C /* Crown.png */ = {isa = PBXFileReference; lastKnownFileType = image.png; path = Crown.png; sourceTree = "<group>"; };
		8FFCCF3B2791349600911F3C /* MarkerSchool.png */ = {isa = PBXFileReference; lastKnownFileType = image.png; path = MarkerSchool.png; sourceTree = "<group>"; };
		8FFCCF3C2791349600911F3C /* PostDefaultImage.png */ = {isa = PBXFileReference; lastKnownFileType = image.png; path = PostDefaultImage.png; sourceTree = "<group>"; };
		8FFCCF4C27913CFD00911F3C /* sunflower_light.ttf */ = {isa = PBXFileReference; lastKnownFileType = file; name = sunflower_light.ttf; path = font/sunflower_light.ttf; sourceTree = "<group>"; };
		8FFCCF4D27913CFD00911F3C /* sunflower_medium.ttf */ = {isa = PBXFileReference; lastKnownFileType = file; name = sunflower_medium.ttf; path = font/sunflower_medium.ttf; sourceTree = "<group>"; };
		8FFCCF4E27913CFD00911F3C /* noto_sans_kr_light.otf */ = {isa = PBXFileReference; lastKnownFileType = file; name = noto_sans_kr_light.otf; path = font/noto_sans_kr_light.otf; sourceTree = "<group>"; };
		8FFCCF4F27913CFD00911F3C /* noto_sans_kr_thin.otf */ = {isa = PBXFileReference; lastKnownFileType = file; name = noto_sans_kr_thin.otf; path = font/noto_sans_kr_thin.otf; sourceTree = "<group>"; };
		8FFCCF5027913CFD00911F3C /* sunflower_bold.ttf */ = {isa = PBXFileReference; lastKnownFileType = file; name = sunflower_bold.ttf; path = font/sunflower_bold.ttf; sourceTree = "<group>"; };
		8FFCCF5C27915D7A00911F3C /* UILoginVC.swift */ = {isa = PBXFileReference; lastKnownFileType = sourcecode.swift; path = UILoginVC.swift; sourceTree = "<group>"; };
		8FFCCF602791739800911F3C /* UICreateAccountTermsVC.swift */ = {isa = PBXFileReference; lastKnownFileType = sourcecode.swift; path = UICreateAccountTermsVC.swift; sourceTree = "<group>"; };
/* End PBXFileReference section */

/* Begin PBXFrameworksBuildPhase section */
		8FF00FEE27901B8D0087913B /* Frameworks */ = {
			isa = PBXFrameworksBuildPhase;
			buildActionMask = 2147483647;
			files = (
				8F25E7D92792D280005070D6 /* Alamofire in Frameworks */,
			);
			runOnlyForDeploymentPostprocessing = 0;
		};
		8FF0100427901B8E0087913B /* Frameworks */ = {
			isa = PBXFrameworksBuildPhase;
			buildActionMask = 2147483647;
			files = (
			);
			runOnlyForDeploymentPostprocessing = 0;
		};
		8FF0100E27901B8E0087913B /* Frameworks */ = {
			isa = PBXFrameworksBuildPhase;
			buildActionMask = 2147483647;
			files = (
			);
			runOnlyForDeploymentPostprocessing = 0;
		};
/* End PBXFrameworksBuildPhase section */

/* Begin PBXGroup section */
		8F1D0983279418C5000CBC26 /* util */ = {
			isa = PBXGroup;
			children = (
				8F1D0984279418E2000CBC26 /* EmailVerificationTimer.swift */,
				8FAA0E33279D6CEF00E400F3 /* UIBorderView.swift */,
			);
			path = util;
			sourceTree = "<group>";
		};
		8F25E7D42792CAD6005070D6 /* restapi */ = {
			isa = PBXGroup;
			children = (
				8F37F78E279AB1820004394D /* entity */,
				8F25E7DA2792D4FD005070D6 /* dto */,
				8F25E7D52792CB1C005070D6 /* APIBackendConfig.swift */,
			);
			path = restapi;
			sourceTree = "<group>";
		};
		8F25E7DA2792D4FD005070D6 /* dto */ = {
			isa = PBXGroup;
			children = (
				8FA426A727BA4EDA008FBD43 /* post */,
				8F37F789279AAFB80004394D /* pet */,
				8F9564F4279800D500AE577B /* account */,
				8F25E7DD2792D5BD005070D6 /* common */,
			);
			path = dto;
			sourceTree = "<group>";
		};
		8F25E7DD2792D5BD005070D6 /* common */ = {
			isa = PBXGroup;
			children = (
				8F25E7DE2792D5C9005070D6 /* HttpMetaData.swift */,
			);
			path = common;
			sourceTree = "<group>";
		};
		8F25F37F27BE34AD00204D42 /* attachment */ = {
			isa = PBXGroup;
			children = (
			);
			path = attachment;
			sourceTree = "<group>";
		};
		8F37F783279AACA30004394D /* mypet */ = {
			isa = PBXGroup;
			children = (
				8F37F785279AACD50004394D /* UIMyPetPageVC.swift */,
				8F37F787279AACE40004394D /* UIMyPetCardVC.swift */,
				8F37F795279AC83E0004394D /* UIMyPetEmptyVC.swift */,
				8FAA0E35279D748600E400F3 /* UIMyPetEditorVC.swift */,
				8FAA0E37279D749100E400F3 /* UIMyPetDetailVC.swift */,
			);
			path = mypet;
			sourceTree = "<group>";
		};
		8F37F784279AACB00004394D /* myschedule */ = {
			isa = PBXGroup;
			children = (
				8F038FA7279E4DF800283867 /* UIMyPetScheduleVC.swift */,
				8F038FA9279E764000283867 /* UIMyPetScheduleEditorVC.swift */,
				8F9C743727A3F9E1004B1B79 /* UIMyPetScheduleCellVC.swift */,
			);
			path = myschedule;
			sourceTree = "<group>";
		};
		8F37F789279AAFB80004394D /* pet */ = {
			isa = PBXGroup;
			children = (
				8F37F78B279AAFCB0004394D /* schedule */,
				8F37F78A279AAFC50004394D /* pet */,
			);
			path = pet;
			sourceTree = "<group>";
		};
		8F37F78A279AAFC50004394D /* pet */ = {
			isa = PBXGroup;
			children = (
				8F37F78C279AB0FF0004394D /* PetFetchDto.swift */,
				8FAA0E39279D86F400E400F3 /* PetCreateDto.swift */,
				8FAA0E3B279D873200E400F3 /* PetUpdateDto.swift */,
				8FAA0E3D279D87A200E400F3 /* PetPhotoUpdateDto.swift */,
				8FAA0E41279D960200E400F3 /* PetDeleteDto.swift */,
				8F95BB6527C7343200ED7630 /* PetPhotoFetchDto.swift */,
				8F95BB6727C745E600ED7630 /* PetPhotoDeleteDto.swift */,
			);
			path = pet;
			sourceTree = "<group>";
		};
		8F37F78B279AAFCB0004394D /* schedule */ = {
			isa = PBXGroup;
			children = (
				8F038FAF279E8D8B00283867 /* PetScheduleUpdateDto.swift */,
				8F2016B0279FA307007B34B9 /* PetScheduleFetchDto.swift */,
				8F9C743327A3F0E3004B1B79 /* PetScheduleDeleteDto.swift */,
				8F9C743527A3F805004B1B79 /* PetScheduleCreateDto.swift */,
			);
			path = schedule;
			sourceTree = "<group>";
		};
		8F37F78E279AB1820004394D /* entity */ = {
			isa = PBXGroup;
			children = (
				8F37F78F279AB1920004394D /* Pet.swift */,
				8F038FAD279E803700283867 /* PetSchedule.swift */,
				8FA426A327BA4C92008FBD43 /* Post.swift */,
				8FA426A527BA4CF5008FBD43 /* Account.swift */,
				8FAC8C4127BCEB120082AAC0 /* Attachment.swift */,
				8F82F33B27BE1A2300571697 /* Pageable.swift */,
			);
			path = entity;
			sourceTree = "<group>";
		};
		8F82F33D27BE283800571697 /* like */ = {
			isa = PBXGroup;
			children = (
				8F82F33E27BE284100571697 /* LikeCreateDto.swift */,
				8F82F34027BE284800571697 /* LikeDeleteDto.swift */,
				8F82F34227BE2D9A00571697 /* LikeFetchDto.swift */,
			);
			path = like;
			sourceTree = "<group>";
		};
		8F9564F4279800D500AE577B /* account */ = {
			isa = PBXGroup;
			children = (
				8F25E7DB2792D51B005070D6 /* AccountSendAuthCodeDto.swift */,
				8F25E7E02792E017005070D6 /* AccountVerifyAuthCodeDto.swift */,
				8F25E7E22792E39F005070D6 /* AccountCreateDto.swift */,
				8FCEAFD4279411B300CD8DA6 /* AccountRecoverUsernameDto.swift */,
				8F1D0986279426F1000CBC26 /* AccountRecoverPasswordDto.swift */,
				8F9564F52798011000AE577B /* AccountLoginDto.swift */,
				8FA58B39279AEE0900B83D00 /* AccountFetchDto.swift */,
			);
			path = account;
			sourceTree = "<group>";
		};
		8F9564F7279802BC00AE577B /* common */ = {
			isa = PBXGroup;
			children = (
				8F9564F8279802CA00AE577B /* UIUtil.swift */,
			);
			path = common;
			sourceTree = "<group>";
		};
		8FA426A727BA4EDA008FBD43 /* post */ = {
			isa = PBXGroup;
			children = (
				8F25F37F27BE34AD00204D42 /* attachment */,
				8F82F33D27BE283800571697 /* like */,
				8FA426A827BA4EE6008FBD43 /* PetPostFetchDto.swift */,
			);
			path = post;
			sourceTree = "<group>";
		};
		8FA8AAA827BCE7D6009F5561 /* post */ = {
			isa = PBXGroup;
			children = (
				8FA8AAAB27BCE806009F5561 /* UIPetPostCellVC.swift */,
				8FA8AAAD27BCE80E009F5561 /* UIPetPostWithImageCellVC.swift */,
			);
			path = post;
			sourceTree = "<group>";
		};
		8FCEAFCD2794007100CD8DA6 /* findAccount */ = {
			isa = PBXGroup;
			children = (
				8FCEAFCE2794007D00CD8DA6 /* UIFindAccountVC.swift */,
				8FCEAFD02794009000CD8DA6 /* UIFindAccountUsernameVC.swift */,
				8FCEAFD22794009A00CD8DA6 /* UIFindAccountPasswordVC.swift */,
			);
			path = findAccount;
			sourceTree = "<group>";
		};
		8FF00FE827901B8D0087913B = {
			isa = PBXGroup;
			children = (
				8FF00FF327901B8D0087913B /* pet_management */,
				8FF0100A27901B8E0087913B /* pet_managementTests */,
				8FF0101427901B8E0087913B /* pet_managementUITests */,
				8FF00FF227901B8D0087913B /* Products */,
			);
			sourceTree = "<group>";
		};
		8FF00FF227901B8D0087913B /* Products */ = {
			isa = PBXGroup;
			children = (
				8FF00FF127901B8D0087913B /* pet_management.app */,
				8FF0100727901B8E0087913B /* pet_managementTests.xctest */,
				8FF0101127901B8E0087913B /* pet_managementUITests.xctest */,
			);
			name = Products;
			sourceTree = "<group>";
		};
		8FF00FF327901B8D0087913B /* pet_management */ = {
			isa = PBXGroup;
			children = (
				8FFCCF5627915AFB00911F3C /* src */,
				8FF01024279035D70087913B /* resource */,
				8FF00FFA27901B8D0087913B /* Main.storyboard */,
				8FF00FFD27901B8E0087913B /* Assets.xcassets */,
				8FF00FFF27901B8E0087913B /* LaunchScreen.storyboard */,
				8FF0100227901B8E0087913B /* Info.plist */,
			);
			path = pet_management;
			sourceTree = "<group>";
		};
		8FF0100A27901B8E0087913B /* pet_managementTests */ = {
			isa = PBXGroup;
			children = (
				8FF0100B27901B8E0087913B /* pet_managementTests.swift */,
			);
			path = pet_managementTests;
			sourceTree = "<group>";
		};
		8FF0101427901B8E0087913B /* pet_managementUITests */ = {
			isa = PBXGroup;
			children = (
				8FF0101527901B8E0087913B /* pet_managementUITests.swift */,
				8FF0101727901B8E0087913B /* pet_managementUITestsLaunchTests.swift */,
			);
			path = pet_managementUITests;
			sourceTree = "<group>";
		};
		8FF01024279035D70087913B /* resource */ = {
			isa = PBXGroup;
			children = (
				8FFCCF4E27913CFD00911F3C /* noto_sans_kr_light.otf */,
				8FFCCF4F27913CFD00911F3C /* noto_sans_kr_thin.otf */,
				8FFCCF5027913CFD00911F3C /* sunflower_bold.ttf */,
				8FFCCF4C27913CFD00911F3C /* sunflower_light.ttf */,
				8FFCCF4D27913CFD00911F3C /* sunflower_medium.ttf */,
				8FFCCF302791349600911F3C /* AppIcon.png */,
				8FFCCF322791349600911F3C /* AppIconWithoutBackground.png */,
				8FFCCF372791349600911F3C /* AppIconWithoutBackgroundForSplash.png */,
				8FFCCF3A2791349600911F3C /* Crown.png */,
				8FFCCF342791349600911F3C /* Img.png */,
				8FFCCF2F2791349600911F3C /* MarkerCafe.png */,
				8FFCCF362791349600911F3C /* MarkerCar.png */,
				8FFCCF332791349600911F3C /* MarkerCurrentLocation.png */,
				8FFCCF392791349600911F3C /* MarkerDefault.png */,
				8FFCCF382791349600911F3C /* MarkerHospital.png */,
				8FFCCF352791349600911F3C /* MarkerPet.png */,
				8FFCCF3B2791349600911F3C /* MarkerSchool.png */,
				8FFCCF312791349600911F3C /* MarkerStore.png */,
				8FFCCF2E2791349600911F3C /* MarkerTrain.png */,
				8FFCCF3C2791349600911F3C /* PostDefaultImage.png */,
				8FF01025279036C40087913B /* SplashImage.png */,
			);
			path = resource;
			sourceTree = "<group>";
		};
		8FFCCF5627915AFB00911F3C /* src */ = {
			isa = PBXGroup;
			children = (
				8F1D0983279418C5000CBC26 /* util */,
				8F25E7D42792CAD6005070D6 /* restapi */,
				8FFCCF5727915B2800911F3C /* ui */,
				8FF00FF427901B8D0087913B /* AppDelegate.swift */,
				8FF00FF627901B8D0087913B /* SceneDelegate.swift */,
			);
			path = src;
			sourceTree = "<group>";
		};
		8FFCCF5727915B2800911F3C /* ui */ = {
			isa = PBXGroup;
			children = (
				8FA8AAA827BCE7D6009F5561 /* post */,
				8F37F784279AACB00004394D /* myschedule */,
				8F37F783279AACA30004394D /* mypet */,
				8F9564F7279802BC00AE577B /* common */,
				8FFCCF5827915B5700911F3C /* login */,
			);
			path = ui;
			sourceTree = "<group>";
		};
		8FFCCF5827915B5700911F3C /* login */ = {
			isa = PBXGroup;
			children = (
				8FCEAFCD2794007100CD8DA6 /* findAccount */,
				8FFCCF5927915B6200911F3C /* createAccount */,
				8FFCCF5C27915D7A00911F3C /* UILoginVC.swift */,
			);
			path = login;
			sourceTree = "<group>";
		};
		8FFCCF5927915B6200911F3C /* createAccount */ = {
			isa = PBXGroup;
			children = (
				8FFCCF602791739800911F3C /* UICreateAccountTermsVC.swift */,
				8F25E7D0279289D7005070D6 /* UICreateAccountCredentialsVC.swift */,
				8F25E7D22792B102005070D6 /* UICreateAccountDetailsVC.swift */,
			);
			path = createAccount;
			sourceTree = "<group>";
		};
/* End PBXGroup section */

/* Begin PBXNativeTarget section */
		8FF00FF027901B8D0087913B /* pet_management */ = {
			isa = PBXNativeTarget;
			buildConfigurationList = 8FF0101B27901B8E0087913B /* Build configuration list for PBXNativeTarget "pet_management" */;
			buildPhases = (
				8FF00FED27901B8D0087913B /* Sources */,
				8FF00FEE27901B8D0087913B /* Frameworks */,
				8FF00FEF27901B8D0087913B /* Resources */,
			);
			buildRules = (
			);
			dependencies = (
			);
			name = pet_management;
			packageProductDependencies = (
				8F25E7D82792D280005070D6 /* Alamofire */,
			);
			productName = pet_management;
			productReference = 8FF00FF127901B8D0087913B /* pet_management.app */;
			productType = "com.apple.product-type.application";
		};
		8FF0100627901B8E0087913B /* pet_managementTests */ = {
			isa = PBXNativeTarget;
			buildConfigurationList = 8FF0101E27901B8E0087913B /* Build configuration list for PBXNativeTarget "pet_managementTests" */;
			buildPhases = (
				8FF0100327901B8E0087913B /* Sources */,
				8FF0100427901B8E0087913B /* Frameworks */,
				8FF0100527901B8E0087913B /* Resources */,
			);
			buildRules = (
			);
			dependencies = (
				8FF0100927901B8E0087913B /* PBXTargetDependency */,
			);
			name = pet_managementTests;
			productName = pet_managementTests;
			productReference = 8FF0100727901B8E0087913B /* pet_managementTests.xctest */;
			productType = "com.apple.product-type.bundle.unit-test";
		};
		8FF0101027901B8E0087913B /* pet_managementUITests */ = {
			isa = PBXNativeTarget;
			buildConfigurationList = 8FF0102127901B8E0087913B /* Build configuration list for PBXNativeTarget "pet_managementUITests" */;
			buildPhases = (
				8FF0100D27901B8E0087913B /* Sources */,
				8FF0100E27901B8E0087913B /* Frameworks */,
				8FF0100F27901B8E0087913B /* Resources */,
			);
			buildRules = (
			);
			dependencies = (
				8FF0101327901B8E0087913B /* PBXTargetDependency */,
			);
			name = pet_managementUITests;
			productName = pet_managementUITests;
			productReference = 8FF0101127901B8E0087913B /* pet_managementUITests.xctest */;
			productType = "com.apple.product-type.bundle.ui-testing";
		};
/* End PBXNativeTarget section */

/* Begin PBXProject section */
		8FF00FE927901B8D0087913B /* Project object */ = {
			isa = PBXProject;
			attributes = {
				BuildIndependentTargetsInParallel = 1;
				LastSwiftUpdateCheck = 1320;
				LastUpgradeCheck = 1320;
				TargetAttributes = {
					8FF00FF027901B8D0087913B = {
						CreatedOnToolsVersion = 13.2.1;
					};
					8FF0100627901B8E0087913B = {
						CreatedOnToolsVersion = 13.2.1;
						TestTargetID = 8FF00FF027901B8D0087913B;
					};
					8FF0101027901B8E0087913B = {
						CreatedOnToolsVersion = 13.2.1;
						TestTargetID = 8FF00FF027901B8D0087913B;
					};
				};
			};
			buildConfigurationList = 8FF00FEC27901B8D0087913B /* Build configuration list for PBXProject "pet_management" */;
			compatibilityVersion = "Xcode 13.0";
			developmentRegion = en;
			hasScannedForEncodings = 0;
			knownRegions = (
				en,
				Base,
			);
			mainGroup = 8FF00FE827901B8D0087913B;
			packageReferences = (
				8F25E7D72792D280005070D6 /* XCRemoteSwiftPackageReference "Alamofire" */,
			);
			productRefGroup = 8FF00FF227901B8D0087913B /* Products */;
			projectDirPath = "";
			projectRoot = "";
			targets = (
				8FF00FF027901B8D0087913B /* pet_management */,
				8FF0100627901B8E0087913B /* pet_managementTests */,
				8FF0101027901B8E0087913B /* pet_managementUITests */,
			);
		};
/* End PBXProject section */

/* Begin PBXResourcesBuildPhase section */
		8FF00FEF27901B8D0087913B /* Resources */ = {
			isa = PBXResourcesBuildPhase;
			buildActionMask = 2147483647;
			files = (
				8FFCCF412791349600911F3C /* AppIconWithoutBackground.png in Resources */,
				8FF01026279036C40087913B /* SplashImage.png in Resources */,
				8FFCCF402791349600911F3C /* MarkerStore.png in Resources */,
				8FFCCF5527913CFD00911F3C /* sunflower_bold.ttf in Resources */,
				8FF0100127901B8E0087913B /* LaunchScreen.storyboard in Resources */,
				8FF00FFE27901B8E0087913B /* Assets.xcassets in Resources */,
				8FFCCF472791349600911F3C /* MarkerHospital.png in Resources */,
				8FFCCF452791349600911F3C /* MarkerCar.png in Resources */,
				8FFCCF4B2791349600911F3C /* PostDefaultImage.png in Resources */,
				8FFCCF5327913CFD00911F3C /* noto_sans_kr_light.otf in Resources */,
				8FFCCF462791349600911F3C /* AppIconWithoutBackgroundForSplash.png in Resources */,
				8FFCCF5227913CFD00911F3C /* sunflower_medium.ttf in Resources */,
				8FFCCF5427913CFD00911F3C /* noto_sans_kr_thin.otf in Resources */,
				8FF00FFC27901B8D0087913B /* Main.storyboard in Resources */,
				8FFCCF3E2791349600911F3C /* MarkerCafe.png in Resources */,
				8FFCCF3D2791349600911F3C /* MarkerTrain.png in Resources */,
				8FFCCF492791349600911F3C /* Crown.png in Resources */,
				8FFCCF482791349600911F3C /* MarkerDefault.png in Resources */,
				8FFCCF4A2791349600911F3C /* MarkerSchool.png in Resources */,
				8FFCCF5127913CFD00911F3C /* sunflower_light.ttf in Resources */,
				8FFCCF422791349600911F3C /* MarkerCurrentLocation.png in Resources */,
				8FFCCF432791349600911F3C /* Img.png in Resources */,
				8FFCCF3F2791349600911F3C /* AppIcon.png in Resources */,
				8FFCCF442791349600911F3C /* MarkerPet.png in Resources */,
			);
			runOnlyForDeploymentPostprocessing = 0;
		};
		8FF0100527901B8E0087913B /* Resources */ = {
			isa = PBXResourcesBuildPhase;
			buildActionMask = 2147483647;
			files = (
			);
			runOnlyForDeploymentPostprocessing = 0;
		};
		8FF0100F27901B8E0087913B /* Resources */ = {
			isa = PBXResourcesBuildPhase;
			buildActionMask = 2147483647;
			files = (
			);
			runOnlyForDeploymentPostprocessing = 0;
		};
/* End PBXResourcesBuildPhase section */

/* Begin PBXSourcesBuildPhase section */
		8FF00FED27901B8D0087913B /* Sources */ = {
			isa = PBXSourcesBuildPhase;
			buildActionMask = 2147483647;
			files = (
				8FA8AAAE27BCE80E009F5561 /* UIPetPostWithImageCellVC.swift in Sources */,
				8FCEAFD32794009A00CD8DA6 /* UIFindAccountPasswordVC.swift in Sources */,
				8F82F33C27BE1A2300571697 /* Pageable.swift in Sources */,
				8FAA0E36279D748600E400F3 /* UIMyPetEditorVC.swift in Sources */,
				8F37F786279AACD50004394D /* UIMyPetPageVC.swift in Sources */,
				8FA426A427BA4C92008FBD43 /* Post.swift in Sources */,
				8F37F78D279AB0FF0004394D /* PetFetchDto.swift in Sources */,
				8F37F790279AB1920004394D /* Pet.swift in Sources */,
				8F9C743827A3F9E1004B1B79 /* UIMyPetScheduleCellVC.swift in Sources */,
				8F9C743627A3F805004B1B79 /* PetScheduleCreateDto.swift in Sources */,
				8FAA0E3C279D873200E400F3 /* PetUpdateDto.swift in Sources */,
				8F9564F62798011000AE577B /* AccountLoginDto.swift in Sources */,
				8F9C743427A3F0E3004B1B79 /* PetScheduleDeleteDto.swift in Sources */,
				8F25E7D62792CB1C005070D6 /* APIBackendConfig.swift in Sources */,
				8FCEAFD12794009000CD8DA6 /* UIFindAccountUsernameVC.swift in Sources */,
				8F1D0985279418E2000CBC26 /* EmailVerificationTimer.swift in Sources */,
				8F25E7D1279289D7005070D6 /* UICreateAccountCredentialsVC.swift in Sources */,
				8F25E7DC2792D51B005070D6 /* AccountSendAuthCodeDto.swift in Sources */,
				8F37F788279AACE40004394D /* UIMyPetCardVC.swift in Sources */,
				8F95BB6827C745E600ED7630 /* PetPhotoDeleteDto.swift in Sources */,
				8F25E7D32792B103005070D6 /* UICreateAccountDetailsVC.swift in Sources */,
				8F2016B1279FA307007B34B9 /* PetScheduleFetchDto.swift in Sources */,
				8FFCCF612791739800911F3C /* UICreateAccountTermsVC.swift in Sources */,
				8FAA0E3E279D87A200E400F3 /* PetPhotoUpdateDto.swift in Sources */,
				8FAA0E42279D960200E400F3 /* PetDeleteDto.swift in Sources */,
				8F038FA8279E4DF800283867 /* UIMyPetScheduleVC.swift in Sources */,
				8FFCCF5D27915D7A00911F3C /* UILoginVC.swift in Sources */,
				8FF00FF527901B8D0087913B /* AppDelegate.swift in Sources */,
				8FAA0E38279D749100E400F3 /* UIMyPetDetailVC.swift in Sources */,
				8F1D0987279426F1000CBC26 /* AccountRecoverPasswordDto.swift in Sources */,
				8FAA0E3A279D86F400E400F3 /* PetCreateDto.swift in Sources */,
				8F82F33F27BE284100571697 /* LikeCreateDto.swift in Sources */,
				8FAC8C4227BCEB120082AAC0 /* Attachment.swift in Sources */,
				8FAA0E34279D6CEF00E400F3 /* UIBorderView.swift in Sources */,
				8F25E7E12792E017005070D6 /* AccountVerifyAuthCodeDto.swift in Sources */,
				8FA8AAAC27BCE806009F5561 /* UIPetPostCellVC.swift in Sources */,
				8F25E7E32792E39F005070D6 /* AccountCreateDto.swift in Sources */,
				8F9564F9279802CA00AE577B /* UIUtil.swift in Sources */,
				8FCEAFCF2794007D00CD8DA6 /* UIFindAccountVC.swift in Sources */,
				8F038FAA279E764000283867 /* UIMyPetScheduleEditorVC.swift in Sources */,
				8F038FAE279E803700283867 /* PetSchedule.swift in Sources */,
				8F37F796279AC83E0004394D /* UIMyPetEmptyVC.swift in Sources */,
				8F25E7DF2792D5C9005070D6 /* HttpMetaData.swift in Sources */,
				8FA426A927BA4EE6008FBD43 /* PetPostFetchDto.swift in Sources */,
				8FCEAFD5279411B300CD8DA6 /* AccountRecoverUsernameDto.swift in Sources */,
				8F95BB6627C7343200ED7630 /* PetPhotoFetchDto.swift in Sources */,
				8FA58B3A279AEE0900B83D00 /* AccountFetchDto.swift in Sources */,
				8F82F34327BE2D9A00571697 /* LikeFetchDto.swift in Sources */,
				8F82F34127BE284800571697 /* LikeDeleteDto.swift in Sources */,
				8FF00FF727901B8D0087913B /* SceneDelegate.swift in Sources */,
				8F038FB0279E8D8B00283867 /* PetScheduleUpdateDto.swift in Sources */,
				8FA426A627BA4CF5008FBD43 /* Account.swift in Sources */,
			);
			runOnlyForDeploymentPostprocessing = 0;
		};
		8FF0100327901B8E0087913B /* Sources */ = {
			isa = PBXSourcesBuildPhase;
			buildActionMask = 2147483647;
			files = (
				8FF0100C27901B8E0087913B /* pet_managementTests.swift in Sources */,
			);
			runOnlyForDeploymentPostprocessing = 0;
		};
		8FF0100D27901B8E0087913B /* Sources */ = {
			isa = PBXSourcesBuildPhase;
			buildActionMask = 2147483647;
			files = (
				8FF0101627901B8E0087913B /* pet_managementUITests.swift in Sources */,
				8FF0101827901B8E0087913B /* pet_managementUITestsLaunchTests.swift in Sources */,
			);
			runOnlyForDeploymentPostprocessing = 0;
		};
/* End PBXSourcesBuildPhase section */

/* Begin PBXTargetDependency section */
		8FF0100927901B8E0087913B /* PBXTargetDependency */ = {
			isa = PBXTargetDependency;
			target = 8FF00FF027901B8D0087913B /* pet_management */;
			targetProxy = 8FF0100827901B8E0087913B /* PBXContainerItemProxy */;
		};
		8FF0101327901B8E0087913B /* PBXTargetDependency */ = {
			isa = PBXTargetDependency;
			target = 8FF00FF027901B8D0087913B /* pet_management */;
			targetProxy = 8FF0101227901B8E0087913B /* PBXContainerItemProxy */;
		};
/* End PBXTargetDependency section */

/* Begin PBXVariantGroup section */
		8FF00FFA27901B8D0087913B /* Main.storyboard */ = {
			isa = PBXVariantGroup;
			children = (
				8FF00FFB27901B8D0087913B /* Base */,
			);
			name = Main.storyboard;
			sourceTree = "<group>";
		};
		8FF00FFF27901B8E0087913B /* LaunchScreen.storyboard */ = {
			isa = PBXVariantGroup;
			children = (
				8FF0100027901B8E0087913B /* Base */,
			);
			name = LaunchScreen.storyboard;
			sourceTree = "<group>";
		};
/* End PBXVariantGroup section */

/* Begin XCBuildConfiguration section */
		8FF0101927901B8E0087913B /* Debug */ = {
			isa = XCBuildConfiguration;
			buildSettings = {
				ALWAYS_SEARCH_USER_PATHS = NO;
				CLANG_ANALYZER_NONNULL = YES;
				CLANG_ANALYZER_NUMBER_OBJECT_CONVERSION = YES_AGGRESSIVE;
				CLANG_CXX_LANGUAGE_STANDARD = "gnu++17";
				CLANG_CXX_LIBRARY = "libc++";
				CLANG_ENABLE_MODULES = YES;
				CLANG_ENABLE_OBJC_ARC = YES;
				CLANG_ENABLE_OBJC_WEAK = YES;
				CLANG_WARN_BLOCK_CAPTURE_AUTORELEASING = YES;
				CLANG_WARN_BOOL_CONVERSION = YES;
				CLANG_WARN_COMMA = YES;
				CLANG_WARN_CONSTANT_CONVERSION = YES;
				CLANG_WARN_DEPRECATED_OBJC_IMPLEMENTATIONS = YES;
				CLANG_WARN_DIRECT_OBJC_ISA_USAGE = YES_ERROR;
				CLANG_WARN_DOCUMENTATION_COMMENTS = YES;
				CLANG_WARN_EMPTY_BODY = YES;
				CLANG_WARN_ENUM_CONVERSION = YES;
				CLANG_WARN_INFINITE_RECURSION = YES;
				CLANG_WARN_INT_CONVERSION = YES;
				CLANG_WARN_NON_LITERAL_NULL_CONVERSION = YES;
				CLANG_WARN_OBJC_IMPLICIT_RETAIN_SELF = YES;
				CLANG_WARN_OBJC_LITERAL_CONVERSION = YES;
				CLANG_WARN_OBJC_ROOT_CLASS = YES_ERROR;
				CLANG_WARN_QUOTED_INCLUDE_IN_FRAMEWORK_HEADER = YES;
				CLANG_WARN_RANGE_LOOP_ANALYSIS = YES;
				CLANG_WARN_STRICT_PROTOTYPES = YES;
				CLANG_WARN_SUSPICIOUS_MOVE = YES;
				CLANG_WARN_UNGUARDED_AVAILABILITY = YES_AGGRESSIVE;
				CLANG_WARN_UNREACHABLE_CODE = YES;
				CLANG_WARN__DUPLICATE_METHOD_MATCH = YES;
				COPY_PHASE_STRIP = NO;
				DEBUG_INFORMATION_FORMAT = dwarf;
				ENABLE_STRICT_OBJC_MSGSEND = YES;
				ENABLE_TESTABILITY = YES;
				GCC_C_LANGUAGE_STANDARD = gnu11;
				GCC_DYNAMIC_NO_PIC = NO;
				GCC_NO_COMMON_BLOCKS = YES;
				GCC_OPTIMIZATION_LEVEL = 0;
				GCC_PREPROCESSOR_DEFINITIONS = (
					"DEBUG=1",
					"$(inherited)",
				);
				GCC_WARN_64_TO_32_BIT_CONVERSION = YES;
				GCC_WARN_ABOUT_RETURN_TYPE = YES_ERROR;
				GCC_WARN_UNDECLARED_SELECTOR = YES;
				GCC_WARN_UNINITIALIZED_AUTOS = YES_AGGRESSIVE;
				GCC_WARN_UNUSED_FUNCTION = YES;
				GCC_WARN_UNUSED_VARIABLE = YES;
				IPHONEOS_DEPLOYMENT_TARGET = 15.2;
				MTL_ENABLE_DEBUG_INFO = INCLUDE_SOURCE;
				MTL_FAST_MATH = YES;
				ONLY_ACTIVE_ARCH = YES;
				SDKROOT = iphoneos;
				SWIFT_ACTIVE_COMPILATION_CONDITIONS = DEBUG;
				SWIFT_OPTIMIZATION_LEVEL = "-Onone";
			};
			name = Debug;
		};
		8FF0101A27901B8E0087913B /* Release */ = {
			isa = XCBuildConfiguration;
			buildSettings = {
				ALWAYS_SEARCH_USER_PATHS = NO;
				CLANG_ANALYZER_NONNULL = YES;
				CLANG_ANALYZER_NUMBER_OBJECT_CONVERSION = YES_AGGRESSIVE;
				CLANG_CXX_LANGUAGE_STANDARD = "gnu++17";
				CLANG_CXX_LIBRARY = "libc++";
				CLANG_ENABLE_MODULES = YES;
				CLANG_ENABLE_OBJC_ARC = YES;
				CLANG_ENABLE_OBJC_WEAK = YES;
				CLANG_WARN_BLOCK_CAPTURE_AUTORELEASING = YES;
				CLANG_WARN_BOOL_CONVERSION = YES;
				CLANG_WARN_COMMA = YES;
				CLANG_WARN_CONSTANT_CONVERSION = YES;
				CLANG_WARN_DEPRECATED_OBJC_IMPLEMENTATIONS = YES;
				CLANG_WARN_DIRECT_OBJC_ISA_USAGE = YES_ERROR;
				CLANG_WARN_DOCUMENTATION_COMMENTS = YES;
				CLANG_WARN_EMPTY_BODY = YES;
				CLANG_WARN_ENUM_CONVERSION = YES;
				CLANG_WARN_INFINITE_RECURSION = YES;
				CLANG_WARN_INT_CONVERSION = YES;
				CLANG_WARN_NON_LITERAL_NULL_CONVERSION = YES;
				CLANG_WARN_OBJC_IMPLICIT_RETAIN_SELF = YES;
				CLANG_WARN_OBJC_LITERAL_CONVERSION = YES;
				CLANG_WARN_OBJC_ROOT_CLASS = YES_ERROR;
				CLANG_WARN_QUOTED_INCLUDE_IN_FRAMEWORK_HEADER = YES;
				CLANG_WARN_RANGE_LOOP_ANALYSIS = YES;
				CLANG_WARN_STRICT_PROTOTYPES = YES;
				CLANG_WARN_SUSPICIOUS_MOVE = YES;
				CLANG_WARN_UNGUARDED_AVAILABILITY = YES_AGGRESSIVE;
				CLANG_WARN_UNREACHABLE_CODE = YES;
				CLANG_WARN__DUPLICATE_METHOD_MATCH = YES;
				COPY_PHASE_STRIP = NO;
				DEBUG_INFORMATION_FORMAT = "dwarf-with-dsym";
				ENABLE_NS_ASSERTIONS = NO;
				ENABLE_STRICT_OBJC_MSGSEND = YES;
				GCC_C_LANGUAGE_STANDARD = gnu11;
				GCC_NO_COMMON_BLOCKS = YES;
				GCC_WARN_64_TO_32_BIT_CONVERSION = YES;
				GCC_WARN_ABOUT_RETURN_TYPE = YES_ERROR;
				GCC_WARN_UNDECLARED_SELECTOR = YES;
				GCC_WARN_UNINITIALIZED_AUTOS = YES_AGGRESSIVE;
				GCC_WARN_UNUSED_FUNCTION = YES;
				GCC_WARN_UNUSED_VARIABLE = YES;
				IPHONEOS_DEPLOYMENT_TARGET = 15.2;
				MTL_ENABLE_DEBUG_INFO = NO;
				MTL_FAST_MATH = YES;
				SDKROOT = iphoneos;
				SWIFT_COMPILATION_MODE = wholemodule;
				SWIFT_OPTIMIZATION_LEVEL = "-O";
				VALIDATE_PRODUCT = YES;
			};
			name = Release;
		};
		8FF0101C27901B8E0087913B /* Debug */ = {
			isa = XCBuildConfiguration;
			buildSettings = {
				ASSETCATALOG_COMPILER_APPICON_NAME = AppIcon;
				ASSETCATALOG_COMPILER_GLOBAL_ACCENT_COLOR_NAME = AccentColor;
				CODE_SIGN_STYLE = Automatic;
				CURRENT_PROJECT_VERSION = 1;
				DEVELOPMENT_TEAM = BZ3AV96J6Y;
				GENERATE_INFOPLIST_FILE = YES;
				INFOPLIST_FILE = pet_management/Info.plist;
				INFOPLIST_KEY_UIApplicationSupportsIndirectInputEvents = YES;
				INFOPLIST_KEY_UILaunchStoryboardName = LaunchScreen;
				INFOPLIST_KEY_UIMainStoryboardFile = Main;
				INFOPLIST_KEY_UISupportedInterfaceOrientations_iPad = "UIInterfaceOrientationPortrait UIInterfaceOrientationPortraitUpsideDown UIInterfaceOrientationLandscapeLeft UIInterfaceOrientationLandscapeRight";
				INFOPLIST_KEY_UISupportedInterfaceOrientations_iPhone = "UIInterfaceOrientationPortrait UIInterfaceOrientationLandscapeLeft UIInterfaceOrientationLandscapeRight";
				IPHONEOS_DEPLOYMENT_TARGET = 14.0;
				LD_RUNPATH_SEARCH_PATHS = (
					"$(inherited)",
					"@executable_path/Frameworks",
				);
				MARKETING_VERSION = 1.0;
				PRODUCT_BUNDLE_IDENTIFIER = "ph2y.pet-management";
				PRODUCT_NAME = "$(TARGET_NAME)";
				SWIFT_EMIT_LOC_STRINGS = YES;
				SWIFT_VERSION = 5.0;
				TARGETED_DEVICE_FAMILY = 1;
			};
			name = Debug;
		};
		8FF0101D27901B8E0087913B /* Release */ = {
			isa = XCBuildConfiguration;
			buildSettings = {
				ASSETCATALOG_COMPILER_APPICON_NAME = AppIcon;
				ASSETCATALOG_COMPILER_GLOBAL_ACCENT_COLOR_NAME = AccentColor;
				CODE_SIGN_STYLE = Automatic;
				CURRENT_PROJECT_VERSION = 1;
				DEVELOPMENT_TEAM = BZ3AV96J6Y;
				GENERATE_INFOPLIST_FILE = YES;
				INFOPLIST_FILE = pet_management/Info.plist;
				INFOPLIST_KEY_UIApplicationSupportsIndirectInputEvents = YES;
				INFOPLIST_KEY_UILaunchStoryboardName = LaunchScreen;
				INFOPLIST_KEY_UIMainStoryboardFile = Main;
				INFOPLIST_KEY_UISupportedInterfaceOrientations_iPad = "UIInterfaceOrientationPortrait UIInterfaceOrientationPortraitUpsideDown UIInterfaceOrientationLandscapeLeft UIInterfaceOrientationLandscapeRight";
				INFOPLIST_KEY_UISupportedInterfaceOrientations_iPhone = "UIInterfaceOrientationPortrait UIInterfaceOrientationLandscapeLeft UIInterfaceOrientationLandscapeRight";
				IPHONEOS_DEPLOYMENT_TARGET = 14.0;
				LD_RUNPATH_SEARCH_PATHS = (
					"$(inherited)",
					"@executable_path/Frameworks",
				);
				MARKETING_VERSION = 1.0;
				PRODUCT_BUNDLE_IDENTIFIER = "ph2y.pet-management";
				PRODUCT_NAME = "$(TARGET_NAME)";
				SWIFT_EMIT_LOC_STRINGS = YES;
				SWIFT_VERSION = 5.0;
				TARGETED_DEVICE_FAMILY = 1;
			};
			name = Release;
		};
		8FF0101F27901B8E0087913B /* Debug */ = {
			isa = XCBuildConfiguration;
			buildSettings = {
				ALWAYS_EMBED_SWIFT_STANDARD_LIBRARIES = YES;
				BUNDLE_LOADER = "$(TEST_HOST)";
				CODE_SIGN_STYLE = Automatic;
				CURRENT_PROJECT_VERSION = 1;
				DEVELOPMENT_TEAM = BZ3AV96J6Y;
				GENERATE_INFOPLIST_FILE = YES;
				IPHONEOS_DEPLOYMENT_TARGET = 15.2;
				MARKETING_VERSION = 1.0;
				PRODUCT_BUNDLE_IDENTIFIER = "ph2y.pet-managementTests";
				PRODUCT_NAME = "$(TARGET_NAME)";
				SWIFT_EMIT_LOC_STRINGS = NO;
				SWIFT_VERSION = 5.0;
				TARGETED_DEVICE_FAMILY = "1,2";
				TEST_HOST = "$(BUILT_PRODUCTS_DIR)/pet_management.app/pet_management";
			};
			name = Debug;
		};
		8FF0102027901B8E0087913B /* Release */ = {
			isa = XCBuildConfiguration;
			buildSettings = {
				ALWAYS_EMBED_SWIFT_STANDARD_LIBRARIES = YES;
				BUNDLE_LOADER = "$(TEST_HOST)";
				CODE_SIGN_STYLE = Automatic;
				CURRENT_PROJECT_VERSION = 1;
				DEVELOPMENT_TEAM = BZ3AV96J6Y;
				GENERATE_INFOPLIST_FILE = YES;
				IPHONEOS_DEPLOYMENT_TARGET = 15.2;
				MARKETING_VERSION = 1.0;
				PRODUCT_BUNDLE_IDENTIFIER = "ph2y.pet-managementTests";
				PRODUCT_NAME = "$(TARGET_NAME)";
				SWIFT_EMIT_LOC_STRINGS = NO;
				SWIFT_VERSION = 5.0;
				TARGETED_DEVICE_FAMILY = "1,2";
				TEST_HOST = "$(BUILT_PRODUCTS_DIR)/pet_management.app/pet_management";
			};
			name = Release;
		};
		8FF0102227901B8E0087913B /* Debug */ = {
			isa = XCBuildConfiguration;
			buildSettings = {
				ALWAYS_EMBED_SWIFT_STANDARD_LIBRARIES = YES;
				CODE_SIGN_STYLE = Automatic;
				CURRENT_PROJECT_VERSION = 1;
				DEVELOPMENT_TEAM = BZ3AV96J6Y;
				GENERATE_INFOPLIST_FILE = YES;
				MARKETING_VERSION = 1.0;
				PRODUCT_BUNDLE_IDENTIFIER = "ph2y.pet-managementUITests";
				PRODUCT_NAME = "$(TARGET_NAME)";
				SWIFT_EMIT_LOC_STRINGS = NO;
				SWIFT_VERSION = 5.0;
				TARGETED_DEVICE_FAMILY = "1,2";
				TEST_TARGET_NAME = pet_management;
			};
			name = Debug;
		};
		8FF0102327901B8E0087913B /* Release */ = {
			isa = XCBuildConfiguration;
			buildSettings = {
				ALWAYS_EMBED_SWIFT_STANDARD_LIBRARIES = YES;
				CODE_SIGN_STYLE = Automatic;
				CURRENT_PROJECT_VERSION = 1;
				DEVELOPMENT_TEAM = BZ3AV96J6Y;
				GENERATE_INFOPLIST_FILE = YES;
				MARKETING_VERSION = 1.0;
				PRODUCT_BUNDLE_IDENTIFIER = "ph2y.pet-managementUITests";
				PRODUCT_NAME = "$(TARGET_NAME)";
				SWIFT_EMIT_LOC_STRINGS = NO;
				SWIFT_VERSION = 5.0;
				TARGETED_DEVICE_FAMILY = "1,2";
				TEST_TARGET_NAME = pet_management;
			};
			name = Release;
		};
/* End XCBuildConfiguration section */

/* Begin XCConfigurationList section */
		8FF00FEC27901B8D0087913B /* Build configuration list for PBXProject "pet_management" */ = {
			isa = XCConfigurationList;
			buildConfigurations = (
				8FF0101927901B8E0087913B /* Debug */,
				8FF0101A27901B8E0087913B /* Release */,
			);
			defaultConfigurationIsVisible = 0;
			defaultConfigurationName = Release;
		};
		8FF0101B27901B8E0087913B /* Build configuration list for PBXNativeTarget "pet_management" */ = {
			isa = XCConfigurationList;
			buildConfigurations = (
				8FF0101C27901B8E0087913B /* Debug */,
				8FF0101D27901B8E0087913B /* Release */,
			);
			defaultConfigurationIsVisible = 0;
			defaultConfigurationName = Release;
		};
		8FF0101E27901B8E0087913B /* Build configuration list for PBXNativeTarget "pet_managementTests" */ = {
			isa = XCConfigurationList;
			buildConfigurations = (
				8FF0101F27901B8E0087913B /* Debug */,
				8FF0102027901B8E0087913B /* Release */,
			);
			defaultConfigurationIsVisible = 0;
			defaultConfigurationName = Release;
		};
		8FF0102127901B8E0087913B /* Build configuration list for PBXNativeTarget "pet_managementUITests" */ = {
			isa = XCConfigurationList;
			buildConfigurations = (
				8FF0102227901B8E0087913B /* Debug */,
				8FF0102327901B8E0087913B /* Release */,
			);
			defaultConfigurationIsVisible = 0;
			defaultConfigurationName = Release;
		};
/* End XCConfigurationList section */

/* Begin XCRemoteSwiftPackageReference section */
		8F25E7D72792D280005070D6 /* XCRemoteSwiftPackageReference "Alamofire" */ = {
			isa = XCRemoteSwiftPackageReference;
			repositoryURL = "https://github.com/Alamofire/Alamofire.git";
			requirement = {
				kind = upToNextMajorVersion;
				minimumVersion = 5.0.0;
			};
		};
/* End XCRemoteSwiftPackageReference section */

/* Begin XCSwiftPackageProductDependency section */
		8F25E7D82792D280005070D6 /* Alamofire */ = {
			isa = XCSwiftPackageProductDependency;
			package = 8F25E7D72792D280005070D6 /* XCRemoteSwiftPackageReference "Alamofire" */;
			productName = Alamofire;
		};
/* End XCSwiftPackageProductDependency section */
	};
	rootObject = 8FF00FE927901B8D0087913B /* Project object */;
}
